// !$*UTF8*$!
{
	archiveVersion = 1;
	classes = {
	};
	objectVersion = 46;
	objects = {

/* Begin PBXBuildFile section */
		068BC3E82457D59900483B06 /* MPVponNativeCustomEvent.m in Sources */ = {isa = PBXBuildFile; fileRef = 068BC3DC2457D59900483B06 /* MPVponNativeCustomEvent.m */; };
		068BC3E92457D59900483B06 /* MPVponNativeAdView.xib in Resources */ = {isa = PBXBuildFile; fileRef = 068BC3E02457D59900483B06 /* MPVponNativeAdView.xib */; };
		068BC3EA2457D59900483B06 /* VponAdapterConfiguration.m in Sources */ = {isa = PBXBuildFile; fileRef = 068BC3E12457D59900483B06 /* VponAdapterConfiguration.m */; };
		068BC3EB2457D59900483B06 /* MPVponNativeAdAdapter.m in Sources */ = {isa = PBXBuildFile; fileRef = 068BC3E32457D59900483B06 /* MPVponNativeAdAdapter.m */; };
		068BC3EC2457D59900483B06 /* MPVponInterstitialCustomEvent.m in Sources */ = {isa = PBXBuildFile; fileRef = 068BC3E42457D59900483B06 /* MPVponInterstitialCustomEvent.m */; };
		068BC3ED2457D59900483B06 /* MPVponBannerCustomEvent.m in Sources */ = {isa = PBXBuildFile; fileRef = 068BC3E52457D59900483B06 /* MPVponBannerCustomEvent.m */; };
		068BC3EE2457D59900483B06 /* MPVponNativeAdView.m in Sources */ = {isa = PBXBuildFile; fileRef = 068BC3E72457D59900483B06 /* MPVponNativeAdView.m */; };
		06B4BACE1EEF8A4A00888622 /* AppDelegate.swift in Sources */ = {isa = PBXBuildFile; fileRef = 06B4BACD1EEF8A4A00888622 /* AppDelegate.swift */; };
		06B4BAD31EEF8A4A00888622 /* Main.storyboard in Resources */ = {isa = PBXBuildFile; fileRef = 06B4BAD11EEF8A4A00888622 /* Main.storyboard */; };
		06B4BAD51EEF8A4A00888622 /* Assets.xcassets in Resources */ = {isa = PBXBuildFile; fileRef = 06B4BAD41EEF8A4A00888622 /* Assets.xcassets */; };
		06B4BAD81EEF8A4A00888622 /* LaunchScreen.storyboard in Resources */ = {isa = PBXBuildFile; fileRef = 06B4BAD61EEF8A4A00888622 /* LaunchScreen.storyboard */; };
		06B4BAE01EEF8AC600888622 /* VponMenuTableViewController.swift in Sources */ = {isa = PBXBuildFile; fileRef = 06B4BADF1EEF8AC600888622 /* VponMenuTableViewController.swift */; };
		06B4BAF61EEF8B2500888622 /* VponMopubBannerViewController.swift in Sources */ = {isa = PBXBuildFile; fileRef = 06B4BAF51EEF8B2500888622 /* VponMopubBannerViewController.swift */; };
		06B4BAF81EEF8B3700888622 /* VponMopubInterstitialViewController.swift in Sources */ = {isa = PBXBuildFile; fileRef = 06B4BAF71EEF8B3700888622 /* VponMopubInterstitialViewController.swift */; };
		06B4BAFA1EEF8B4300888622 /* VponMopubNativeViewController.swift in Sources */ = {isa = PBXBuildFile; fileRef = 06B4BAF91EEF8B4300888622 /* VponMopubNativeViewController.swift */; };
		F94A4175C1ADE696859593BD /* Pods_VponMopubSampleSwift.framework in Frameworks */ = {isa = PBXBuildFile; fileRef = 6BA1F55BC193595C03126D55 /* Pods_VponMopubSampleSwift.framework */; };
/* End PBXBuildFile section */

/* Begin PBXFileReference section */
		068BC3DB2457D59900483B06 /* MPVponNativeAdAdapter.h */ = {isa = PBXFileReference; fileEncoding = 4; lastKnownFileType = sourcecode.c.h; path = MPVponNativeAdAdapter.h; sourceTree = "<group>"; };
		068BC3DC2457D59900483B06 /* MPVponNativeCustomEvent.m */ = {isa = PBXFileReference; fileEncoding = 4; lastKnownFileType = sourcecode.c.objc; path = MPVponNativeCustomEvent.m; sourceTree = "<group>"; };
		068BC3DD2457D59900483B06 /* MPVponBannerCustomEvent.h */ = {isa = PBXFileReference; fileEncoding = 4; lastKnownFileType = sourcecode.c.h; path = MPVponBannerCustomEvent.h; sourceTree = "<group>"; };
		068BC3DE2457D59900483B06 /* MPVponInterstitialCustomEvent.h */ = {isa = PBXFileReference; fileEncoding = 4; lastKnownFileType = sourcecode.c.h; path = MPVponInterstitialCustomEvent.h; sourceTree = "<group>"; };
		068BC3DF2457D59900483B06 /* MPVponNativeAdView.h */ = {isa = PBXFileReference; fileEncoding = 4; lastKnownFileType = sourcecode.c.h; path = MPVponNativeAdView.h; sourceTree = "<group>"; };
		068BC3E02457D59900483B06 /* MPVponNativeAdView.xib */ = {isa = PBXFileReference; fileEncoding = 4; lastKnownFileType = file.xib; path = MPVponNativeAdView.xib; sourceTree = "<group>"; };
		068BC3E12457D59900483B06 /* VponAdapterConfiguration.m */ = {isa = PBXFileReference; fileEncoding = 4; lastKnownFileType = sourcecode.c.objc; path = VponAdapterConfiguration.m; sourceTree = "<group>"; };
		068BC3E22457D59900483B06 /* MPVponNativeCustomEvent.h */ = {isa = PBXFileReference; fileEncoding = 4; lastKnownFileType = sourcecode.c.h; path = MPVponNativeCustomEvent.h; sourceTree = "<group>"; };
		068BC3E32457D59900483B06 /* MPVponNativeAdAdapter.m */ = {isa = PBXFileReference; fileEncoding = 4; lastKnownFileType = sourcecode.c.objc; path = MPVponNativeAdAdapter.m; sourceTree = "<group>"; };
		068BC3E42457D59900483B06 /* MPVponInterstitialCustomEvent.m */ = {isa = PBXFileReference; fileEncoding = 4; lastKnownFileType = sourcecode.c.objc; path = MPVponInterstitialCustomEvent.m; sourceTree = "<group>"; };
		068BC3E52457D59900483B06 /* MPVponBannerCustomEvent.m */ = {isa = PBXFileReference; fileEncoding = 4; lastKnownFileType = sourcecode.c.objc; path = MPVponBannerCustomEvent.m; sourceTree = "<group>"; };
		068BC3E62457D59900483B06 /* VponAdapterConfiguration.h */ = {isa = PBXFileReference; fileEncoding = 4; lastKnownFileType = sourcecode.c.h; path = VponAdapterConfiguration.h; sourceTree = "<group>"; };
		068BC3E72457D59900483B06 /* MPVponNativeAdView.m */ = {isa = PBXFileReference; fileEncoding = 4; lastKnownFileType = sourcecode.c.objc; path = MPVponNativeAdView.m; sourceTree = "<group>"; };
		06B4BACA1EEF8A4A00888622 /* VponMopubSampleSwift.app */ = {isa = PBXFileReference; explicitFileType = wrapper.application; includeInIndex = 0; path = VponMopubSampleSwift.app; sourceTree = BUILT_PRODUCTS_DIR; };
		06B4BACD1EEF8A4A00888622 /* AppDelegate.swift */ = {isa = PBXFileReference; lastKnownFileType = sourcecode.swift; path = AppDelegate.swift; sourceTree = "<group>"; };
		06B4BAD21EEF8A4A00888622 /* Base */ = {isa = PBXFileReference; lastKnownFileType = file.storyboard; name = Base; path = Base.lproj/Main.storyboard; sourceTree = "<group>"; };
		06B4BAD41EEF8A4A00888622 /* Assets.xcassets */ = {isa = PBXFileReference; lastKnownFileType = folder.assetcatalog; path = Assets.xcassets; sourceTree = "<group>"; };
		06B4BAD71EEF8A4A00888622 /* Base */ = {isa = PBXFileReference; lastKnownFileType = file.storyboard; name = Base; path = Base.lproj/LaunchScreen.storyboard; sourceTree = "<group>"; };
		06B4BAD91EEF8A4A00888622 /* Info.plist */ = {isa = PBXFileReference; lastKnownFileType = text.plist.xml; path = Info.plist; sourceTree = "<group>"; };
		06B4BADF1EEF8AC600888622 /* VponMenuTableViewController.swift */ = {isa = PBXFileReference; fileEncoding = 4; lastKnownFileType = sourcecode.swift; path = VponMenuTableViewController.swift; sourceTree = "<group>"; };
		06B4BAF51EEF8B2500888622 /* VponMopubBannerViewController.swift */ = {isa = PBXFileReference; fileEncoding = 4; lastKnownFileType = sourcecode.swift; path = VponMopubBannerViewController.swift; sourceTree = "<group>"; };
		06B4BAF71EEF8B3700888622 /* VponMopubInterstitialViewController.swift */ = {isa = PBXFileReference; fileEncoding = 4; lastKnownFileType = sourcecode.swift; path = VponMopubInterstitialViewController.swift; sourceTree = "<group>"; };
		06B4BAF91EEF8B4300888622 /* VponMopubNativeViewController.swift */ = {isa = PBXFileReference; fileEncoding = 4; lastKnownFileType = sourcecode.swift; path = VponMopubNativeViewController.swift; sourceTree = "<group>"; };
		06B4BAFE1EEF8DF900888622 /* VponMopubSampleSwift-Bridging-Header.h */ = {isa = PBXFileReference; lastKnownFileType = sourcecode.c.h; path = "VponMopubSampleSwift-Bridging-Header.h"; sourceTree = "<group>"; };
		3A169B3875639478109D6321 /* Pods-VponMopubSampleSwift.debug.xcconfig */ = {isa = PBXFileReference; includeInIndex = 1; lastKnownFileType = text.xcconfig; name = "Pods-VponMopubSampleSwift.debug.xcconfig"; path = "Pods/Target Support Files/Pods-VponMopubSampleSwift/Pods-VponMopubSampleSwift.debug.xcconfig"; sourceTree = "<group>"; };
		6BA1F55BC193595C03126D55 /* Pods_VponMopubSampleSwift.framework */ = {isa = PBXFileReference; explicitFileType = wrapper.framework; includeInIndex = 0; path = Pods_VponMopubSampleSwift.framework; sourceTree = BUILT_PRODUCTS_DIR; };
		C72DDCB238E5522E47F95772 /* Pods-VponMopubSampleSwift.release.xcconfig */ = {isa = PBXFileReference; includeInIndex = 1; lastKnownFileType = text.xcconfig; name = "Pods-VponMopubSampleSwift.release.xcconfig"; path = "Pods/Target Support Files/Pods-VponMopubSampleSwift/Pods-VponMopubSampleSwift.release.xcconfig"; sourceTree = "<group>"; };
/* End PBXFileReference section */

/* Begin PBXFrameworksBuildPhase section */
		06B4BAC71EEF8A4A00888622 /* Frameworks */ = {
			isa = PBXFrameworksBuildPhase;
			buildActionMask = 2147483647;
			files = (
				F94A4175C1ADE696859593BD /* Pods_VponMopubSampleSwift.framework in Frameworks */,
			);
			runOnlyForDeploymentPostprocessing = 0;
		};
/* End PBXFrameworksBuildPhase section */

/* Begin PBXGroup section */
		068BC3DA2457D59900483B06 /* MopubAdapter */ = {
			isa = PBXGroup;
			children = (
				068BC3E62457D59900483B06 /* VponAdapterConfiguration.h */,
				068BC3E12457D59900483B06 /* VponAdapterConfiguration.m */,
				068BC3DF2457D59900483B06 /* MPVponNativeAdView.h */,
				068BC3E72457D59900483B06 /* MPVponNativeAdView.m */,
				068BC3E02457D59900483B06 /* MPVponNativeAdView.xib */,
				068BC3DB2457D59900483B06 /* MPVponNativeAdAdapter.h */,
				068BC3E32457D59900483B06 /* MPVponNativeAdAdapter.m */,
				068BC3E22457D59900483B06 /* MPVponNativeCustomEvent.h */,
				068BC3DC2457D59900483B06 /* MPVponNativeCustomEvent.m */,
				068BC3DE2457D59900483B06 /* MPVponInterstitialCustomEvent.h */,
				068BC3E42457D59900483B06 /* MPVponInterstitialCustomEvent.m */,
				068BC3DD2457D59900483B06 /* MPVponBannerCustomEvent.h */,
				068BC3E52457D59900483B06 /* MPVponBannerCustomEvent.m */,
			);
			path = MopubAdapter;
			sourceTree = "<group>";
		};
		06B4BAC11EEF8A4A00888622 = {
			isa = PBXGroup;
			children = (
				06B4BACC1EEF8A4A00888622 /* VponMopubSampleSwift */,
				06B4BACB1EEF8A4A00888622 /* Products */,
				7293BF66F5491145959CE303 /* Pods */,
				120E2A86ED63AB6A05C533FF /* Frameworks */,
			);
			sourceTree = "<group>";
		};
		06B4BACB1EEF8A4A00888622 /* Products */ = {
			isa = PBXGroup;
			children = (
				06B4BACA1EEF8A4A00888622 /* VponMopubSampleSwift.app */,
			);
			name = Products;
			sourceTree = "<group>";
		};
		06B4BACC1EEF8A4A00888622 /* VponMopubSampleSwift */ = {
			isa = PBXGroup;
			children = (
				06B4BACD1EEF8A4A00888622 /* AppDelegate.swift */,
				06B4BADF1EEF8AC600888622 /* VponMenuTableViewController.swift */,
				06B4BAFE1EEF8DF900888622 /* VponMopubSampleSwift-Bridging-Header.h */,
				068BC3DA2457D59900483B06 /* MopubAdapter */,
				06B4BAF41EEF8B1200888622 /* Mopub */,
				06B4BAD11EEF8A4A00888622 /* Main.storyboard */,
				06B4BAD41EEF8A4A00888622 /* Assets.xcassets */,
				06B4BAD61EEF8A4A00888622 /* LaunchScreen.storyboard */,
				06B4BAD91EEF8A4A00888622 /* Info.plist */,
			);
			path = VponMopubSampleSwift;
			sourceTree = "<group>";
		};
		06B4BAF41EEF8B1200888622 /* Mopub */ = {
			isa = PBXGroup;
			children = (
				06B4BAF51EEF8B2500888622 /* VponMopubBannerViewController.swift */,
				06B4BAF71EEF8B3700888622 /* VponMopubInterstitialViewController.swift */,
				06B4BAF91EEF8B4300888622 /* VponMopubNativeViewController.swift */,
			);
			path = Mopub;
			sourceTree = "<group>";
		};
		120E2A86ED63AB6A05C533FF /* Frameworks */ = {
			isa = PBXGroup;
			children = (
				6BA1F55BC193595C03126D55 /* Pods_VponMopubSampleSwift.framework */,
			);
			name = Frameworks;
			sourceTree = "<group>";
		};
		7293BF66F5491145959CE303 /* Pods */ = {
			isa = PBXGroup;
			children = (
				3A169B3875639478109D6321 /* Pods-VponMopubSampleSwift.debug.xcconfig */,
				C72DDCB238E5522E47F95772 /* Pods-VponMopubSampleSwift.release.xcconfig */,
			);
			name = Pods;
			sourceTree = "<group>";
		};
/* End PBXGroup section */

/* Begin PBXNativeTarget section */
		06B4BAC91EEF8A4A00888622 /* VponMopubSampleSwift */ = {
			isa = PBXNativeTarget;
			buildConfigurationList = 06B4BADC1EEF8A4A00888622 /* Build configuration list for PBXNativeTarget "VponMopubSampleSwift" */;
			buildPhases = (
				4A3342BCEF2FEED2B5A01BFA /* [CP] Check Pods Manifest.lock */,
				06B4BAC61EEF8A4A00888622 /* Sources */,
				06B4BAC71EEF8A4A00888622 /* Frameworks */,
				06B4BAC81EEF8A4A00888622 /* Resources */,
				B794FB6860936AB280A91D65 /* [CP] Embed Pods Frameworks */,
			);
			buildRules = (
			);
			dependencies = (
			);
			name = VponMopubSampleSwift;
			productName = VponMopubSampleSwift;
			productReference = 06B4BACA1EEF8A4A00888622 /* VponMopubSampleSwift.app */;
			productType = "com.apple.product-type.application";
		};
/* End PBXNativeTarget section */

/* Begin PBXProject section */
		06B4BAC21EEF8A4A00888622 /* Project object */ = {
			isa = PBXProject;
			attributes = {
				LastSwiftUpdateCheck = 0830;
				LastUpgradeCheck = 0830;
				ORGANIZATIONNAME = Soul;
				TargetAttributes = {
					06B4BAC91EEF8A4A00888622 = {
						CreatedOnToolsVersion = 8.3.1;
						DevelopmentTeam = 9Y4UWUH2H6;
						ProvisioningStyle = Automatic;
					};
				};
			};
			buildConfigurationList = 06B4BAC51EEF8A4A00888622 /* Build configuration list for PBXProject "VponMopubSampleSwift" */;
			compatibilityVersion = "Xcode 3.2";
			developmentRegion = English;
			hasScannedForEncodings = 0;
			knownRegions = (
				English,
				en,
				Base,
			);
			mainGroup = 06B4BAC11EEF8A4A00888622;
			productRefGroup = 06B4BACB1EEF8A4A00888622 /* Products */;
			projectDirPath = "";
			projectRoot = "";
			targets = (
				06B4BAC91EEF8A4A00888622 /* VponMopubSampleSwift */,
			);
		};
/* End PBXProject section */

/* Begin PBXResourcesBuildPhase section */
		06B4BAC81EEF8A4A00888622 /* Resources */ = {
			isa = PBXResourcesBuildPhase;
			buildActionMask = 2147483647;
			files = (
				06B4BAD81EEF8A4A00888622 /* LaunchScreen.storyboard in Resources */,
				06B4BAD51EEF8A4A00888622 /* Assets.xcassets in Resources */,
				068BC3E92457D59900483B06 /* MPVponNativeAdView.xib in Resources */,
				06B4BAD31EEF8A4A00888622 /* Main.storyboard in Resources */,
			);
			runOnlyForDeploymentPostprocessing = 0;
		};
/* End PBXResourcesBuildPhase section */

/* Begin PBXShellScriptBuildPhase section */
		4A3342BCEF2FEED2B5A01BFA /* [CP] Check Pods Manifest.lock */ = {
			isa = PBXShellScriptBuildPhase;
			buildActionMask = 2147483647;
			files = (
			);
			inputPaths = (
				"${PODS_PODFILE_DIR_PATH}/Podfile.lock",
				"${PODS_ROOT}/Manifest.lock",
			);
			name = "[CP] Check Pods Manifest.lock";
			outputPaths = (
				"$(DERIVED_FILE_DIR)/Pods-VponMopubSampleSwift-checkManifestLockResult.txt",
			);
			runOnlyForDeploymentPostprocessing = 0;
			shellPath = /bin/sh;
			shellScript = "diff \"${PODS_PODFILE_DIR_PATH}/Podfile.lock\" \"${PODS_ROOT}/Manifest.lock\" > /dev/null\nif [ $? != 0 ] ; then\n    # print error to STDERR\n    echo \"error: The sandbox is not in sync with the Podfile.lock. Run 'pod install' or update your CocoaPods installation.\" >&2\n    exit 1\nfi\n# This output is used by Xcode 'outputs' to avoid re-running this script phase.\necho \"SUCCESS\" > \"${SCRIPT_OUTPUT_FILE_0}\"\n";
			showEnvVarsInLog = 0;
		};
		B794FB6860936AB280A91D65 /* [CP] Embed Pods Frameworks */ = {
			isa = PBXShellScriptBuildPhase;
			buildActionMask = 2147483647;
			files = (
			);
			inputPaths = (
				"${PODS_ROOT}/Target Support Files/Pods-VponMopubSampleSwift/Pods-VponMopubSampleSwift-frameworks.sh",
				"${BUILT_PRODUCTS_DIR}/mopub-ios-sdk/MoPub.framework",
			);
			name = "[CP] Embed Pods Frameworks";
			outputPaths = (
				"${TARGET_BUILD_DIR}/${FRAMEWORKS_FOLDER_PATH}/MoPub.framework",
			);
			runOnlyForDeploymentPostprocessing = 0;
			shellPath = /bin/sh;
			shellScript = "\"${PODS_ROOT}/Target Support Files/Pods-VponMopubSampleSwift/Pods-VponMopubSampleSwift-frameworks.sh\"\n";
			showEnvVarsInLog = 0;
		};
/* End PBXShellScriptBuildPhase section */

/* Begin PBXSourcesBuildPhase section */
		06B4BAC61EEF8A4A00888622 /* Sources */ = {
			isa = PBXSourcesBuildPhase;
			buildActionMask = 2147483647;
			files = (
				06B4BAFA1EEF8B4300888622 /* VponMopubNativeViewController.swift in Sources */,
				068BC3ED2457D59900483B06 /* MPVponBannerCustomEvent.m in Sources */,
				06B4BAF61EEF8B2500888622 /* VponMopubBannerViewController.swift in Sources */,
				06B4BACE1EEF8A4A00888622 /* AppDelegate.swift in Sources */,
				06B4BAF81EEF8B3700888622 /* VponMopubInterstitialViewController.swift in Sources */,
				068BC3EE2457D59900483B06 /* MPVponNativeAdView.m in Sources */,
				068BC3E82457D59900483B06 /* MPVponNativeCustomEvent.m in Sources */,
				068BC3EA2457D59900483B06 /* VponAdapterConfiguration.m in Sources */,
				06B4BAE01EEF8AC600888622 /* VponMenuTableViewController.swift in Sources */,
				068BC3EC2457D59900483B06 /* MPVponInterstitialCustomEvent.m in Sources */,
				068BC3EB2457D59900483B06 /* MPVponNativeAdAdapter.m in Sources */,
			);
			runOnlyForDeploymentPostprocessing = 0;
		};
/* End PBXSourcesBuildPhase section */

/* Begin PBXVariantGroup section */
		06B4BAD11EEF8A4A00888622 /* Main.storyboard */ = {
			isa = PBXVariantGroup;
			children = (
				06B4BAD21EEF8A4A00888622 /* Base */,
			);
			name = Main.storyboard;
			sourceTree = "<group>";
		};
		06B4BAD61EEF8A4A00888622 /* LaunchScreen.storyboard */ = {
			isa = PBXVariantGroup;
			children = (
				06B4BAD71EEF8A4A00888622 /* Base */,
			);
			name = LaunchScreen.storyboard;
			sourceTree = "<group>";
		};
/* End PBXVariantGroup section */

/* Begin XCBuildConfiguration section */
		06B4BADA1EEF8A4A00888622 /* Debug */ = {
			isa = XCBuildConfiguration;
			buildSettings = {
				ALWAYS_SEARCH_USER_PATHS = NO;
				CLANG_ANALYZER_NONNULL = YES;
				CLANG_ANALYZER_NUMBER_OBJECT_CONVERSION = YES_AGGRESSIVE;
				CLANG_CXX_LANGUAGE_STANDARD = "gnu++0x";
				CLANG_CXX_LIBRARY = "libc++";
				CLANG_ENABLE_MODULES = YES;
				CLANG_ENABLE_OBJC_ARC = YES;
				CLANG_WARN_BOOL_CONVERSION = YES;
				CLANG_WARN_CONSTANT_CONVERSION = YES;
				CLANG_WARN_DIRECT_OBJC_ISA_USAGE = YES_ERROR;
				CLANG_WARN_DOCUMENTATION_COMMENTS = YES;
				CLANG_WARN_EMPTY_BODY = YES;
				CLANG_WARN_ENUM_CONVERSION = YES;
				CLANG_WARN_INFINITE_RECURSION = YES;
				CLANG_WARN_INT_CONVERSION = YES;
				CLANG_WARN_OBJC_ROOT_CLASS = YES_ERROR;
				CLANG_WARN_SUSPICIOUS_MOVE = YES;
				CLANG_WARN_UNREACHABLE_CODE = YES;
				CLANG_WARN__DUPLICATE_METHOD_MATCH = YES;
				"CODE_SIGN_IDENTITY[sdk=iphoneos*]" = "iPhone Developer";
				COPY_PHASE_STRIP = NO;
				DEBUG_INFORMATION_FORMAT = dwarf;
				ENABLE_STRICT_OBJC_MSGSEND = YES;
				ENABLE_TESTABILITY = YES;
				GCC_C_LANGUAGE_STANDARD = gnu99;
				GCC_DYNAMIC_NO_PIC = NO;
				GCC_NO_COMMON_BLOCKS = YES;
				GCC_OPTIMIZATION_LEVEL = 0;
				GCC_PREPROCESSOR_DEFINITIONS = (
					"DEBUG=1",
					"$(inherited)",
				);
				GCC_WARN_64_TO_32_BIT_CONVERSION = YES;
				GCC_WARN_ABOUT_RETURN_TYPE = YES_ERROR;
				GCC_WARN_UNDECLARED_SELECTOR = YES;
				GCC_WARN_UNINITIALIZED_AUTOS = YES_AGGRESSIVE;
				GCC_WARN_UNUSED_FUNCTION = YES;
				GCC_WARN_UNUSED_VARIABLE = YES;
				IPHONEOS_DEPLOYMENT_TARGET = 10.3;
				MTL_ENABLE_DEBUG_INFO = YES;
				ONLY_ACTIVE_ARCH = YES;
				SDKROOT = iphoneos;
				SWIFT_ACTIVE_COMPILATION_CONDITIONS = DEBUG;
				SWIFT_OPTIMIZATION_LEVEL = "-Onone";
				TARGETED_DEVICE_FAMILY = "1,2";
			};
			name = Debug;
		};
		06B4BADB1EEF8A4A00888622 /* Release */ = {
			isa = XCBuildConfiguration;
			buildSettings = {
				ALWAYS_SEARCH_USER_PATHS = NO;
				CLANG_ANALYZER_NONNULL = YES;
				CLANG_ANALYZER_NUMBER_OBJECT_CONVERSION = YES_AGGRESSIVE;
				CLANG_CXX_LANGUAGE_STANDARD = "gnu++0x";
				CLANG_CXX_LIBRARY = "libc++";
				CLANG_ENABLE_MODULES = YES;
				CLANG_ENABLE_OBJC_ARC = YES;
				CLANG_WARN_BOOL_CONVERSION = YES;
				CLANG_WARN_CONSTANT_CONVERSION = YES;
				CLANG_WARN_DIRECT_OBJC_ISA_USAGE = YES_ERROR;
				CLANG_WARN_DOCUMENTATION_COMMENTS = YES;
				CLANG_WARN_EMPTY_BODY = YES;
				CLANG_WARN_ENUM_CONVERSION = YES;
				CLANG_WARN_INFINITE_RECURSION = YES;
				CLANG_WARN_INT_CONVERSION = YES;
				CLANG_WARN_OBJC_ROOT_CLASS = YES_ERROR;
				CLANG_WARN_SUSPICIOUS_MOVE = YES;
				CLANG_WARN_UNREACHABLE_CODE = YES;
				CLANG_WARN__DUPLICATE_METHOD_MATCH = YES;
				"CODE_SIGN_IDENTITY[sdk=iphoneos*]" = "iPhone Developer";
				COPY_PHASE_STRIP = NO;
				DEBUG_INFORMATION_FORMAT = "dwarf-with-dsym";
				ENABLE_NS_ASSERTIONS = NO;
				ENABLE_STRICT_OBJC_MSGSEND = YES;
				GCC_C_LANGUAGE_STANDARD = gnu99;
				GCC_NO_COMMON_BLOCKS = YES;
				GCC_WARN_64_TO_32_BIT_CONVERSION = YES;
				GCC_WARN_ABOUT_RETURN_TYPE = YES_ERROR;
				GCC_WARN_UNDECLARED_SELECTOR = YES;
				GCC_WARN_UNINITIALIZED_AUTOS = YES_AGGRESSIVE;
				GCC_WARN_UNUSED_FUNCTION = YES;
				GCC_WARN_UNUSED_VARIABLE = YES;
				IPHONEOS_DEPLOYMENT_TARGET = 10.3;
				MTL_ENABLE_DEBUG_INFO = NO;
				SDKROOT = iphoneos;
				SWIFT_OPTIMIZATION_LEVEL = "-Owholemodule";
				TARGETED_DEVICE_FAMILY = "1,2";
				VALIDATE_PRODUCT = YES;
			};
			name = Release;
		};
		06B4BADD1EEF8A4A00888622 /* Debug */ = {
			isa = XCBuildConfiguration;
			baseConfigurationReference = 3A169B3875639478109D6321 /* Pods-VponMopubSampleSwift.debug.xcconfig */;
			buildSettings = {
				ASSETCATALOG_COMPILER_APPICON_NAME = AppIcon;
				DEVELOPMENT_TEAM = 9Y4UWUH2H6;
				INFOPLIST_FILE = VponMopubSampleSwift/Info.plist;
				LD_RUNPATH_SEARCH_PATHS = "$(inherited) @executable_path/Frameworks";
				PRODUCT_BUNDLE_IDENTIFIER = com.vpon.VponMopubSampleSwift;
				PRODUCT_NAME = "$(TARGET_NAME)";
				SWIFT_OBJC_BRIDGING_HEADER = "${SRCROOT}/VponMopubSampleSwift/VponMopubSampleSwift-Bridging-Header.h";
				SWIFT_VERSION = 5.0;
			};
			name = Debug;
		};
		06B4BADE1EEF8A4A00888622 /* Release */ = {
			isa = XCBuildConfiguration;
			baseConfigurationReference = C72DDCB238E5522E47F95772 /* Pods-VponMopubSampleSwift.release.xcconfig */;
			buildSettings = {
				ASSETCATALOG_COMPILER_APPICON_NAME = AppIcon;
				DEVELOPMENT_TEAM = 9Y4UWUH2H6;
				INFOPLIST_FILE = VponMopubSampleSwift/Info.plist;
				LD_RUNPATH_SEARCH_PATHS = "$(inherited) @executable_path/Frameworks";
				PRODUCT_BUNDLE_IDENTIFIER = com.vpon.VponMopubSampleSwift;
				PRODUCT_NAME = "$(TARGET_NAME)";
				SWIFT_OBJC_BRIDGING_HEADER = "${SRCROOT}/VponMopubSampleSwift/VponMopubSampleSwift-Bridging-Header.h";
				SWIFT_VERSION = 5.0;
			};
			name = Release;
		};
/* End XCBuildConfiguration section */

/* Begin XCConfigurationList section */
		06B4BAC51EEF8A4A00888622 /* Build configuration list for PBXProject "VponMopubSampleSwift" */ = {
			isa = XCConfigurationList;
			buildConfigurations = (
				06B4BADA1EEF8A4A00888622 /* Debug */,
				06B4BADB1EEF8A4A00888622 /* Release */,
			);
			defaultConfigurationIsVisible = 0;
			defaultConfigurationName = Release;
		};
		06B4BADC1EEF8A4A00888622 /* Build configuration list for PBXNativeTarget "VponMopubSampleSwift" */ = {
			isa = XCConfigurationList;
			buildConfigurations = (
				06B4BADD1EEF8A4A00888622 /* Debug */,
				06B4BADE1EEF8A4A00888622 /* Release */,
			);
			defaultConfigurationIsVisible = 0;
			defaultConfigurationName = Release;
		};
/* End XCConfigurationList section */
	};
	rootObject = 06B4BAC21EEF8A4A00888622 /* Project object */;
}
