PODS:
  - VpadnSDK (5.7.8-beta)

DEPENDENCIES:
  - VpadnSDK (= 5.7.8-beta)

SPEC REPOS:
  http://192.168.100.5:7777/mi/vpon-private-specs.git:
    - VpadnSDK

SPEC CHECKSUMS:
  VpadnSDK: a8d976fd556a92fed6ed0c49020e59bf382a1c93

PODFILE CHECKSUM: 976ed341ec59185f60bc15520f6e059e327549e1

COCOAPODS: 1.16.2
