// !$*UTF8*$!
{
	archiveVersion = 1;
	classes = {
	};
	objectVersion = 46;
	objects = {

/* Begin PBXBuildFile section */
		F88933091BE06C5F00BD2E29 /* main.m in Sources */ = {isa = PBXBuildFile; fileRef = F88933081BE06C5F00BD2E29 /* main.m */; };
		F889330C1BE06C5F00BD2E29 /* AppDelegate.m in Sources */ = {isa = PBXBuildFile; fileRef = F889330B1BE06C5F00BD2E29 /* AppDelegate.m */; };
		F889330F1BE06C5F00BD2E29 /* ViewController.m in Sources */ = {isa = PBXBuildFile; fileRef = F889330E1BE06C5F00BD2E29 /* ViewController.m */; };
		F88933141BE06C5F00BD2E29 /* Assets.xcassets in Resources */ = {isa = PBXBuildFile; fileRef = F88933131BE06C5F00BD2E29 /* Assets.xcassets */; };
		F88933171BE06C5F00BD2E29 /* LaunchScreen.storyboard in Resources */ = {isa = PBXBuildFile; fileRef = F88933151BE06C5F00BD2E29 /* LaunchScreen.storyboard */; };
		F88933411BE0745100BD2E29 /* StoreKit.framework in Frameworks */ = {isa = PBXBuildFile; fileRef = F889332A1BE0745100BD2E29 /* StoreKit.framework */; };
		F88933421BE0745100BD2E29 /* AddressBook.framework in Frameworks */ = {isa = PBXBuildFile; fileRef = F889332B1BE0745100BD2E29 /* AddressBook.framework */; };
		F88933431BE0745100BD2E29 /* AddressBookUI.framework in Frameworks */ = {isa = PBXBuildFile; fileRef = F889332C1BE0745100BD2E29 /* AddressBookUI.framework */; };
		F88933441BE0745100BD2E29 /* AdSupport.framework in Frameworks */ = {isa = PBXBuildFile; fileRef = F889332D1BE0745100BD2E29 /* AdSupport.framework */; settings = {ATTRIBUTES = (Weak, ); }; };
		F88933451BE0745100BD2E29 /* AssetsLibrary.framework in Frameworks */ = {isa = PBXBuildFile; fileRef = F889332E1BE0745100BD2E29 /* AssetsLibrary.framework */; };
		F88933461BE0745100BD2E29 /* AudioToolbox.framework in Frameworks */ = {isa = PBXBuildFile; fileRef = F889332F1BE0745100BD2E29 /* AudioToolbox.framework */; };
		F88933471BE0745100BD2E29 /* AVFoundation.framework in Frameworks */ = {isa = PBXBuildFile; fileRef = F88933301BE0745100BD2E29 /* AVFoundation.framework */; };
		F88933481BE0745100BD2E29 /* CoreFoundation.framework in Frameworks */ = {isa = PBXBuildFile; fileRef = F88933311BE0745100BD2E29 /* CoreFoundation.framework */; };
		F88933491BE0745100BD2E29 /* CoreLocation.framework in Frameworks */ = {isa = PBXBuildFile; fileRef = F88933321BE0745100BD2E29 /* CoreLocation.framework */; };
		F889334A1BE0745100BD2E29 /* CoreMedia.framework in Frameworks */ = {isa = PBXBuildFile; fileRef = F88933331BE0745100BD2E29 /* CoreMedia.framework */; };
		F889334B1BE0745100BD2E29 /* CoreMotion.framework in Frameworks */ = {isa = PBXBuildFile; fileRef = F88933341BE0745100BD2E29 /* CoreMotion.framework */; };
		F889334C1BE0745100BD2E29 /* CoreTelephony.framework in Frameworks */ = {isa = PBXBuildFile; fileRef = F88933351BE0745100BD2E29 /* CoreTelephony.framework */; };
		F889334D1BE0745100BD2E29 /* EventKit.framework in Frameworks */ = {isa = PBXBuildFile; fileRef = F88933361BE0745100BD2E29 /* EventKit.framework */; };
		F889334E1BE0745100BD2E29 /* MediaPlayer.framework in Frameworks */ = {isa = PBXBuildFile; fileRef = F88933371BE0745100BD2E29 /* MediaPlayer.framework */; };
		F889334F1BE0745100BD2E29 /* MessageUI.framework in Frameworks */ = {isa = PBXBuildFile; fileRef = F88933381BE0745100BD2E29 /* MessageUI.framework */; };
		F88933501BE0745100BD2E29 /* MobileCoreServices.framework in Frameworks */ = {isa = PBXBuildFile; fileRef = F88933391BE0745100BD2E29 /* MobileCoreServices.framework */; };
		F88933511BE0745100BD2E29 /* QuartzCore.framework in Frameworks */ = {isa = PBXBuildFile; fileRef = F889333A1BE0745100BD2E29 /* QuartzCore.framework */; };
		F88933521BE0745100BD2E29 /* Security.framework in Frameworks */ = {isa = PBXBuildFile; fileRef = F889333B1BE0745100BD2E29 /* Security.framework */; };
		F88933541BE0745100BD2E29 /* SystemConfiguration.framework in Frameworks */ = {isa = PBXBuildFile; fileRef = F889333D1BE0745100BD2E29 /* SystemConfiguration.framework */; };
		F88933551BE0745100BD2E29 /* Foundation.framework in Frameworks */ = {isa = PBXBuildFile; fileRef = F889333E1BE0745100BD2E29 /* Foundation.framework */; };
		F88933561BE0745100BD2E29 /* CoreGraphics.framework in Frameworks */ = {isa = PBXBuildFile; fileRef = F889333F1BE0745100BD2E29 /* CoreGraphics.framework */; };
		F88933571BE0745100BD2E29 /* UIKit.framework in Frameworks */ = {isa = PBXBuildFile; fileRef = F88933401BE0745100BD2E29 /* UIKit.framework */; };
		F889335B1BE075E100BD2E29 /* Main.storyboard in Resources */ = {isa = PBXBuildFile; fileRef = F88933591BE075E100BD2E29 /* Main.storyboard */; };
/* End PBXBuildFile section */

/* Begin PBXFileReference section */
		F88933041BE06C5F00BD2E29 /* BannerInterstitialSample.app */ = {isa = PBXFileReference; explicitFileType = wrapper.application; includeInIndex = 0; path = BannerInterstitialSample.app; sourceTree = BUILT_PRODUCTS_DIR; };
		F88933081BE06C5F00BD2E29 /* main.m */ = {isa = PBXFileReference; lastKnownFileType = sourcecode.c.objc; path = main.m; sourceTree = "<group>"; };
		F889330A1BE06C5F00BD2E29 /* AppDelegate.h */ = {isa = PBXFileReference; lastKnownFileType = sourcecode.c.h; path = AppDelegate.h; sourceTree = "<group>"; };
		F889330B1BE06C5F00BD2E29 /* AppDelegate.m */ = {isa = PBXFileReference; lastKnownFileType = sourcecode.c.objc; path = AppDelegate.m; sourceTree = "<group>"; };
		F889330D1BE06C5F00BD2E29 /* ViewController.h */ = {isa = PBXFileReference; lastKnownFileType = sourcecode.c.h; path = ViewController.h; sourceTree = "<group>"; };
		F889330E1BE06C5F00BD2E29 /* ViewController.m */ = {isa = PBXFileReference; lastKnownFileType = sourcecode.c.objc; path = ViewController.m; sourceTree = "<group>"; };
		F88933131BE06C5F00BD2E29 /* Assets.xcassets */ = {isa = PBXFileReference; lastKnownFileType = folder.assetcatalog; path = Assets.xcassets; sourceTree = "<group>"; };
		F88933161BE06C5F00BD2E29 /* Base */ = {isa = PBXFileReference; lastKnownFileType = file.storyboard; name = Base; path = Base.lproj/LaunchScreen.storyboard; sourceTree = "<group>"; };
		F88933181BE06C5F00BD2E29 /* Info.plist */ = {isa = PBXFileReference; lastKnownFileType = text.plist.xml; path = Info.plist; sourceTree = "<group>"; };
		F889332A1BE0745100BD2E29 /* StoreKit.framework */ = {isa = PBXFileReference; lastKnownFileType = wrapper.framework; name = StoreKit.framework; path = System/Library/Frameworks/StoreKit.framework; sourceTree = SDKROOT; };
		F889332B1BE0745100BD2E29 /* AddressBook.framework */ = {isa = PBXFileReference; lastKnownFileType = wrapper.framework; name = AddressBook.framework; path = System/Library/Frameworks/AddressBook.framework; sourceTree = SDKROOT; };
		F889332C1BE0745100BD2E29 /* AddressBookUI.framework */ = {isa = PBXFileReference; lastKnownFileType = wrapper.framework; name = AddressBookUI.framework; path = System/Library/Frameworks/AddressBookUI.framework; sourceTree = SDKROOT; };
		F889332D1BE0745100BD2E29 /* AdSupport.framework */ = {isa = PBXFileReference; lastKnownFileType = wrapper.framework; name = AdSupport.framework; path = System/Library/Frameworks/AdSupport.framework; sourceTree = SDKROOT; };
		F889332E1BE0745100BD2E29 /* AssetsLibrary.framework */ = {isa = PBXFileReference; lastKnownFileType = wrapper.framework; name = AssetsLibrary.framework; path = System/Library/Frameworks/AssetsLibrary.framework; sourceTree = SDKROOT; };
		F889332F1BE0745100BD2E29 /* AudioToolbox.framework */ = {isa = PBXFileReference; lastKnownFileType = wrapper.framework; name = AudioToolbox.framework; path = System/Library/Frameworks/AudioToolbox.framework; sourceTree = SDKROOT; };
		F88933301BE0745100BD2E29 /* AVFoundation.framework */ = {isa = PBXFileReference; lastKnownFileType = wrapper.framework; name = AVFoundation.framework; path = System/Library/Frameworks/AVFoundation.framework; sourceTree = SDKROOT; };
		F88933311BE0745100BD2E29 /* CoreFoundation.framework */ = {isa = PBXFileReference; lastKnownFileType = wrapper.framework; name = CoreFoundation.framework; path = System/Library/Frameworks/CoreFoundation.framework; sourceTree = SDKROOT; };
		F88933321BE0745100BD2E29 /* CoreLocation.framework */ = {isa = PBXFileReference; lastKnownFileType = wrapper.framework; name = CoreLocation.framework; path = System/Library/Frameworks/CoreLocation.framework; sourceTree = SDKROOT; };
		F88933331BE0745100BD2E29 /* CoreMedia.framework */ = {isa = PBXFileReference; lastKnownFileType = wrapper.framework; name = CoreMedia.framework; path = System/Library/Frameworks/CoreMedia.framework; sourceTree = SDKROOT; };
		F88933341BE0745100BD2E29 /* CoreMotion.framework */ = {isa = PBXFileReference; lastKnownFileType = wrapper.framework; name = CoreMotion.framework; path = System/Library/Frameworks/CoreMotion.framework; sourceTree = SDKROOT; };
		F88933351BE0745100BD2E29 /* CoreTelephony.framework */ = {isa = PBXFileReference; lastKnownFileType = wrapper.framework; name = CoreTelephony.framework; path = System/Library/Frameworks/CoreTelephony.framework; sourceTree = SDKROOT; };
		F88933361BE0745100BD2E29 /* EventKit.framework */ = {isa = PBXFileReference; lastKnownFileType = wrapper.framework; name = EventKit.framework; path = System/Library/Frameworks/EventKit.framework; sourceTree = SDKROOT; };
		F88933371BE0745100BD2E29 /* MediaPlayer.framework */ = {isa = PBXFileReference; lastKnownFileType = wrapper.framework; name = MediaPlayer.framework; path = System/Library/Frameworks/MediaPlayer.framework; sourceTree = SDKROOT; };
		F88933381BE0745100BD2E29 /* MessageUI.framework */ = {isa = PBXFileReference; lastKnownFileType = wrapper.framework; name = MessageUI.framework; path = System/Library/Frameworks/MessageUI.framework; sourceTree = SDKROOT; };
		F88933391BE0745100BD2E29 /* MobileCoreServices.framework */ = {isa = PBXFileReference; lastKnownFileType = wrapper.framework; name = MobileCoreServices.framework; path = System/Library/Frameworks/MobileCoreServices.framework; sourceTree = SDKROOT; };
		F889333A1BE0745100BD2E29 /* QuartzCore.framework */ = {isa = PBXFileReference; lastKnownFileType = wrapper.framework; name = QuartzCore.framework; path = System/Library/Frameworks/QuartzCore.framework; sourceTree = SDKROOT; };
		F889333B1BE0745100BD2E29 /* Security.framework */ = {isa = PBXFileReference; lastKnownFileType = wrapper.framework; name = Security.framework; path = System/Library/Frameworks/Security.framework; sourceTree = SDKROOT; };
		F889333D1BE0745100BD2E29 /* SystemConfiguration.framework */ = {isa = PBXFileReference; lastKnownFileType = wrapper.framework; name = SystemConfiguration.framework; path = System/Library/Frameworks/SystemConfiguration.framework; sourceTree = SDKROOT; };
		F889333E1BE0745100BD2E29 /* Foundation.framework */ = {isa = PBXFileReference; lastKnownFileType = wrapper.framework; name = Foundation.framework; path = System/Library/Frameworks/Foundation.framework; sourceTree = SDKROOT; };
		F889333F1BE0745100BD2E29 /* CoreGraphics.framework */ = {isa = PBXFileReference; lastKnownFileType = wrapper.framework; name = CoreGraphics.framework; path = System/Library/Frameworks/CoreGraphics.framework; sourceTree = SDKROOT; };
		F88933401BE0745100BD2E29 /* UIKit.framework */ = {isa = PBXFileReference; lastKnownFileType = wrapper.framework; name = UIKit.framework; path = System/Library/Frameworks/UIKit.framework; sourceTree = SDKROOT; };
		F889335A1BE075E100BD2E29 /* Base */ = {isa = PBXFileReference; lastKnownFileType = file.storyboard; name = Base; path = Base.lproj/Main.storyboard; sourceTree = "<group>"; };
/* End PBXFileReference section */

/* Begin PBXFrameworksBuildPhase section */
		F88933011BE06C5F00BD2E29 /* Frameworks */ = {
			isa = PBXFrameworksBuildPhase;
			buildActionMask = 2147483647;
			files = (
				F88933411BE0745100BD2E29 /* StoreKit.framework in Frameworks */,
				F88933421BE0745100BD2E29 /* AddressBook.framework in Frameworks */,
				F88933431BE0745100BD2E29 /* AddressBookUI.framework in Frameworks */,
				F88933441BE0745100BD2E29 /* AdSupport.framework in Frameworks */,
				F88933451BE0745100BD2E29 /* AssetsLibrary.framework in Frameworks */,
				F88933461BE0745100BD2E29 /* AudioToolbox.framework in Frameworks */,
				F88933471BE0745100BD2E29 /* AVFoundation.framework in Frameworks */,
				F88933481BE0745100BD2E29 /* CoreFoundation.framework in Frameworks */,
				F88933491BE0745100BD2E29 /* CoreLocation.framework in Frameworks */,
				F889334A1BE0745100BD2E29 /* CoreMedia.framework in Frameworks */,
				F889334B1BE0745100BD2E29 /* CoreMotion.framework in Frameworks */,
				F889334C1BE0745100BD2E29 /* CoreTelephony.framework in Frameworks */,
				F889334D1BE0745100BD2E29 /* EventKit.framework in Frameworks */,
				F889334E1BE0745100BD2E29 /* MediaPlayer.framework in Frameworks */,
				F889334F1BE0745100BD2E29 /* MessageUI.framework in Frameworks */,
				F88933501BE0745100BD2E29 /* MobileCoreServices.framework in Frameworks */,
				F88933511BE0745100BD2E29 /* QuartzCore.framework in Frameworks */,
				F88933521BE0745100BD2E29 /* Security.framework in Frameworks */,
				F88933541BE0745100BD2E29 /* SystemConfiguration.framework in Frameworks */,
				F88933551BE0745100BD2E29 /* Foundation.framework in Frameworks */,
				F88933561BE0745100BD2E29 /* CoreGraphics.framework in Frameworks */,
				F88933571BE0745100BD2E29 /* UIKit.framework in Frameworks */,
			);
			runOnlyForDeploymentPostprocessing = 0;
		};
/* End PBXFrameworksBuildPhase section */

/* Begin PBXGroup section */
		F88932FB1BE06C5F00BD2E29 = {
			isa = PBXGroup;
			children = (
				F88933061BE06C5F00BD2E29 /* BannerInterstitialSample */,
				F88933051BE06C5F00BD2E29 /* Products */,
				F88933581BE0749000BD2E29 /* Frameworks */,
			);
			sourceTree = "<group>";
		};
		F88933051BE06C5F00BD2E29 /* Products */ = {
			isa = PBXGroup;
			children = (
				F88933041BE06C5F00BD2E29 /* BannerInterstitialSample.app */,
			);
			name = Products;
			sourceTree = "<group>";
		};
		F88933061BE06C5F00BD2E29 /* BannerInterstitialSample */ = {
			isa = PBXGroup;
			children = (
				F889330A1BE06C5F00BD2E29 /* AppDelegate.h */,
				F889330B1BE06C5F00BD2E29 /* AppDelegate.m */,
				F889330D1BE06C5F00BD2E29 /* ViewController.h */,
				F889330E1BE06C5F00BD2E29 /* ViewController.m */,
				F88933591BE075E100BD2E29 /* Main.storyboard */,
				F88933131BE06C5F00BD2E29 /* Assets.xcassets */,
				F88933151BE06C5F00BD2E29 /* LaunchScreen.storyboard */,
				F88933181BE06C5F00BD2E29 /* Info.plist */,
				F88933071BE06C5F00BD2E29 /* Supporting Files */,
			);
			path = BannerInterstitialSample;
			sourceTree = "<group>";
		};
		F88933071BE06C5F00BD2E29 /* Supporting Files */ = {
			isa = PBXGroup;
			children = (
				F88933081BE06C5F00BD2E29 /* main.m */,
			);
			name = "Supporting Files";
			sourceTree = "<group>";
		};
		F88933581BE0749000BD2E29 /* Frameworks */ = {
			isa = PBXGroup;
			children = (
				F889332A1BE0745100BD2E29 /* StoreKit.framework */,
				F889332B1BE0745100BD2E29 /* AddressBook.framework */,
				F889332C1BE0745100BD2E29 /* AddressBookUI.framework */,
				F889332D1BE0745100BD2E29 /* AdSupport.framework */,
				F889332E1BE0745100BD2E29 /* AssetsLibrary.framework */,
				F889332F1BE0745100BD2E29 /* AudioToolbox.framework */,
				F88933301BE0745100BD2E29 /* AVFoundation.framework */,
				F88933311BE0745100BD2E29 /* CoreFoundation.framework */,
				F88933321BE0745100BD2E29 /* CoreLocation.framework */,
				F88933331BE0745100BD2E29 /* CoreMedia.framework */,
				F88933341BE0745100BD2E29 /* CoreMotion.framework */,
				F88933351BE0745100BD2E29 /* CoreTelephony.framework */,
				F88933361BE0745100BD2E29 /* EventKit.framework */,
				F88933371BE0745100BD2E29 /* MediaPlayer.framework */,
				F88933381BE0745100BD2E29 /* MessageUI.framework */,
				F88933391BE0745100BD2E29 /* MobileCoreServices.framework */,
				F889333A1BE0745100BD2E29 /* QuartzCore.framework */,
				F889333B1BE0745100BD2E29 /* Security.framework */,
				F889333D1BE0745100BD2E29 /* SystemConfiguration.framework */,
				F889333E1BE0745100BD2E29 /* Foundation.framework */,
				F889333F1BE0745100BD2E29 /* CoreGraphics.framework */,
				F88933401BE0745100BD2E29 /* UIKit.framework */,
			);
			name = Frameworks;
			sourceTree = "<group>";
		};
/* End PBXGroup section */

/* Begin PBXNativeTarget section */
		F88933031BE06C5F00BD2E29 /* BannerInterstitialSample */ = {
			isa = PBXNativeTarget;
			buildConfigurationList = F889331B1BE06C5F00BD2E29 /* Build configuration list for PBXNativeTarget "BannerInterstitialSample" */;
			buildPhases = (
				F88933001BE06C5F00BD2E29 /* Sources */,
				F88933011BE06C5F00BD2E29 /* Frameworks */,
				F88933021BE06C5F00BD2E29 /* Resources */,
			);
			buildRules = (
			);
			dependencies = (
			);
			name = BannerInterstitialSample;
			productName = BannerInterstitialSample;
			productReference = F88933041BE06C5F00BD2E29 /* BannerInterstitialSample.app */;
			productType = "com.apple.product-type.application";
		};
/* End PBXNativeTarget section */

/* Begin PBXProject section */
		F88932FC1BE06C5F00BD2E29 /* Project object */ = {
			isa = PBXProject;
			attributes = {
				LastUpgradeCheck = 0710;
				ORGANIZATIONNAME = Vpon;
				TargetAttributes = {
					F88933031BE06C5F00BD2E29 = {
						CreatedOnToolsVersion = 7.1;
					};
				};
			};
			buildConfigurationList = F88932FF1BE06C5F00BD2E29 /* Build configuration list for PBXProject "BannerInterstitialSample" */;
			compatibilityVersion = "Xcode 3.2";
			developmentRegion = English;
			hasScannedForEncodings = 0;
			knownRegions = (
				en,
				Base,
			);
			mainGroup = F88932FB1BE06C5F00BD2E29;
			productRefGroup = F88933051BE06C5F00BD2E29 /* Products */;
			projectDirPath = "";
			projectRoot = "";
			targets = (
				F88933031BE06C5F00BD2E29 /* BannerInterstitialSample */,
			);
		};
/* End PBXProject section */

/* Begin PBXResourcesBuildPhase section */
		F88933021BE06C5F00BD2E29 /* Resources */ = {
			isa = PBXResourcesBuildPhase;
			buildActionMask = 2147483647;
			files = (
				F889335B1BE075E100BD2E29 /* Main.storyboard in Resources */,
				F88933171BE06C5F00BD2E29 /* LaunchScreen.storyboard in Resources */,
				F88933141BE06C5F00BD2E29 /* Assets.xcassets in Resources */,
			);
			runOnlyForDeploymentPostprocessing = 0;
		};
/* End PBXResourcesBuildPhase section */

/* Begin PBXSourcesBuildPhase section */
		F88933001BE06C5F00BD2E29 /* Sources */ = {
			isa = PBXSourcesBuildPhase;
			buildActionMask = 2147483647;
			files = (
				F889330F1BE06C5F00BD2E29 /* ViewController.m in Sources */,
				F889330C1BE06C5F00BD2E29 /* AppDelegate.m in Sources */,
				F88933091BE06C5F00BD2E29 /* main.m in Sources */,
			);
			runOnlyForDeploymentPostprocessing = 0;
		};
/* End PBXSourcesBuildPhase section */

/* Begin PBXVariantGroup section */
		F88933151BE06C5F00BD2E29 /* LaunchScreen.storyboard */ = {
			isa = PBXVariantGroup;
			children = (
				F88933161BE06C5F00BD2E29 /* Base */,
			);
			name = LaunchScreen.storyboard;
			sourceTree = "<group>";
		};
		F88933591BE075E100BD2E29 /* Main.storyboard */ = {
			isa = PBXVariantGroup;
			children = (
				F889335A1BE075E100BD2E29 /* Base */,
			);
			name = Main.storyboard;
			sourceTree = "<group>";
		};
/* End PBXVariantGroup section */

/* Begin XCBuildConfiguration section */
		F88933191BE06C5F00BD2E29 /* Debug */ = {
			isa = XCBuildConfiguration;
			buildSettings = {
				ALWAYS_SEARCH_USER_PATHS = NO;
				CLANG_CXX_LANGUAGE_STANDARD = "gnu++0x";
				CLANG_CXX_LIBRARY = "libc++";
				CLANG_ENABLE_MODULES = YES;
				CLANG_ENABLE_OBJC_ARC = YES;
				CLANG_WARN_BOOL_CONVERSION = YES;
				CLANG_WARN_CONSTANT_CONVERSION = YES;
				CLANG_WARN_DIRECT_OBJC_ISA_USAGE = YES_ERROR;
				CLANG_WARN_EMPTY_BODY = YES;
				CLANG_WARN_ENUM_CONVERSION = YES;
				CLANG_WARN_INT_CONVERSION = YES;
				CLANG_WARN_OBJC_ROOT_CLASS = YES_ERROR;
				CLANG_WARN_UNREACHABLE_CODE = YES;
				CLANG_WARN__DUPLICATE_METHOD_MATCH = YES;
				"CODE_SIGN_IDENTITY[sdk=iphoneos*]" = "iPhone Developer";
				COPY_PHASE_STRIP = NO;
				DEBUG_INFORMATION_FORMAT = dwarf;
				ENABLE_STRICT_OBJC_MSGSEND = YES;
				ENABLE_TESTABILITY = YES;
				GCC_C_LANGUAGE_STANDARD = gnu99;
				GCC_DYNAMIC_NO_PIC = NO;
				GCC_NO_COMMON_BLOCKS = YES;
				GCC_OPTIMIZATION_LEVEL = 0;
				GCC_PREPROCESSOR_DEFINITIONS = (
					"DEBUG=1",
					"$(inherited)",
				);
				GCC_WARN_64_TO_32_BIT_CONVERSION = YES;
				GCC_WARN_ABOUT_RETURN_TYPE = YES_ERROR;
				GCC_WARN_UNDECLARED_SELECTOR = YES;
				GCC_WARN_UNINITIALIZED_AUTOS = YES_AGGRESSIVE;
				GCC_WARN_UNUSED_FUNCTION = YES;
				GCC_WARN_UNUSED_VARIABLE = YES;
				IPHONEOS_DEPLOYMENT_TARGET = 9.1;
				MTL_ENABLE_DEBUG_INFO = YES;
				ONLY_ACTIVE_ARCH = YES;
				SDKROOT = iphoneos;
			};
			name = Debug;
		};
		F889331A1BE06C5F00BD2E29 /* Release */ = {
			isa = XCBuildConfiguration;
			buildSettings = {
				ALWAYS_SEARCH_USER_PATHS = NO;
				CLANG_CXX_LANGUAGE_STANDARD = "gnu++0x";
				CLANG_CXX_LIBRARY = "libc++";
				CLANG_ENABLE_MODULES = YES;
				CLANG_ENABLE_OBJC_ARC = YES;
				CLANG_WARN_BOOL_CONVERSION = YES;
				CLANG_WARN_CONSTANT_CONVERSION = YES;
				CLANG_WARN_DIRECT_OBJC_ISA_USAGE = YES_ERROR;
				CLANG_WARN_EMPTY_BODY = YES;
				CLANG_WARN_ENUM_CONVERSION = YES;
				CLANG_WARN_INT_CONVERSION = YES;
				CLANG_WARN_OBJC_ROOT_CLASS = YES_ERROR;
				CLANG_WARN_UNREACHABLE_CODE = YES;
				CLANG_WARN__DUPLICATE_METHOD_MATCH = YES;
				"CODE_SIGN_IDENTITY[sdk=iphoneos*]" = "iPhone Developer";
				COPY_PHASE_STRIP = NO;
				DEBUG_INFORMATION_FORMAT = "dwarf-with-dsym";
				ENABLE_NS_ASSERTIONS = NO;
				ENABLE_STRICT_OBJC_MSGSEND = YES;
				GCC_C_LANGUAGE_STANDARD = gnu99;
				GCC_NO_COMMON_BLOCKS = YES;
				GCC_WARN_64_TO_32_BIT_CONVERSION = YES;
				GCC_WARN_ABOUT_RETURN_TYPE = YES_ERROR;
				GCC_WARN_UNDECLARED_SELECTOR = YES;
				GCC_WARN_UNINITIALIZED_AUTOS = YES_AGGRESSIVE;
				GCC_WARN_UNUSED_FUNCTION = YES;
				GCC_WARN_UNUSED_VARIABLE = YES;
				IPHONEOS_DEPLOYMENT_TARGET = 9.1;
				MTL_ENABLE_DEBUG_INFO = NO;
				SDKROOT = iphoneos;
				VALIDATE_PRODUCT = YES;
			};
			name = Release;
		};
		F889331C1BE06C5F00BD2E29 /* Debug */ = {
			isa = XCBuildConfiguration;
			buildSettings = {
				ASSETCATALOG_COMPILER_APPICON_NAME = AppIcon;
				INFOPLIST_FILE = BannerInterstitialSample/Info.plist;
				IPHONEOS_DEPLOYMENT_TARGET = 6.1;
				LD_RUNPATH_SEARCH_PATHS = "$(inherited) @executable_path/Frameworks";
				LIBRARY_SEARCH_PATHS = (
					"$(inherited)",
					"$(PROJECT_DIR)",
				);
				OTHER_LDFLAGS = (
					"-all_load",
					"-ObjC",
				);
				PRODUCT_BUNDLE_IDENTIFIER = com.vpon.BannerInterstitialSample;
				PRODUCT_NAME = "$(TARGET_NAME)";
			};
			name = Debug;
		};
		F889331D1BE06C5F00BD2E29 /* Release */ = {
			isa = XCBuildConfiguration;
			buildSettings = {
				ASSETCATALOG_COMPILER_APPICON_NAME = AppIcon;
				INFOPLIST_FILE = BannerInterstitialSample/Info.plist;
				IPHONEOS_DEPLOYMENT_TARGET = 6.1;
				LD_RUNPATH_SEARCH_PATHS = "$(inherited) @executable_path/Frameworks";
				LIBRARY_SEARCH_PATHS = (
					"$(inherited)",
					"$(PROJECT_DIR)",
				);
				OTHER_LDFLAGS = (
					"-all_load",
					"-ObjC",
				);
				PRODUCT_BUNDLE_IDENTIFIER = com.vpon.BannerInterstitialSample;
				PRODUCT_NAME = "$(TARGET_NAME)";
			};
			name = Release;
		};
/* End XCBuildConfiguration section */

/* Begin XCConfigurationList section */
		F88932FF1BE06C5F00BD2E29 /* Build configuration list for PBXProject "BannerInterstitialSample" */ = {
			isa = XCConfigurationList;
			buildConfigurations = (
				F88933191BE06C5F00BD2E29 /* Debug */,
				F889331A1BE06C5F00BD2E29 /* Release */,
			);
			defaultConfigurationIsVisible = 0;
			defaultConfigurationName = Release;
		};
		F889331B1BE06C5F00BD2E29 /* Build configuration list for PBXNativeTarget "BannerInterstitialSample" */ = {
			isa = XCConfigurationList;
			buildConfigurations = (
				F889331C1BE06C5F00BD2E29 /* Debug */,
				F889331D1BE06C5F00BD2E29 /* Release */,
			);
			defaultConfigurationIsVisible = 0;
			defaultConfigurationName = Release;
		};
/* End XCConfigurationList section */
	};
	rootObject = F88932FC1BE06C5F00BD2E29 /* Project object */;
}
