// !$*UTF8*$!
{
	archiveVersion = 1;
	classes = {
	};
	objectVersion = 46;
	objects = {

/* Begin PBXBuildFile section */
		2A8BE1B81DC09D7D006AE627 /* TableViewController.swift in Sources */ = {isa = PBXBuildFile; fileRef = 2A8BE1B71DC09D7D006AE627 /* TableViewController.swift */; };
		2A8BE1BA1DC0A723006AE627 /* CustomCell.swift in Sources */ = {isa = PBXBuildFile; fileRef = 2A8BE1B91DC0A723006AE627 /* CustomCell.swift */; };
		2A99B7191DC055E90077634D /* AppDelegate.swift in Sources */ = {isa = PBXBuildFile; fileRef = 2A99B7181DC055E90077634D /* AppDelegate.swift */; };
		2A99B71B1DC055E90077634D /* ViewController.swift in Sources */ = {isa = PBXBuildFile; fileRef = 2A99B71A1DC055E90077634D /* ViewController.swift */; };
		2A99B71E1DC055E90077634D /* Main.storyboard in Resources */ = {isa = PBXBuildFile; fileRef = 2A99B71C1DC055E90077634D /* Main.storyboard */; };
		2A99B7201DC055E90077634D /* Assets.xcassets in Resources */ = {isa = PBXBuildFile; fileRef = 2A99B71F1DC055E90077634D /* Assets.xcassets */; };
		2A99B7231DC055E90077634D /* LaunchScreen.storyboard in Resources */ = {isa = PBXBuildFile; fileRef = 2A99B7211DC055E90077634D /* LaunchScreen.storyboard */; };
		2A99B72C1DC08AF90077634D /* VpadnSDKAdKit.framework in Frameworks */ = {isa = PBXBuildFile; fileRef = 2A99B72B1DC08AF90077634D /* VpadnSDKAdKit.framework */; };
/* End PBXBuildFile section */

/* Begin PBXFileReference section */
		2A8BE1B71DC09D7D006AE627 /* TableViewController.swift */ = {isa = PBXFileReference; fileEncoding = 4; lastKnownFileType = sourcecode.swift; path = TableViewController.swift; sourceTree = "<group>"; };
		2A8BE1B91DC0A723006AE627 /* CustomCell.swift */ = {isa = PBXFileReference; fileEncoding = 4; lastKnownFileType = sourcecode.swift; path = CustomCell.swift; sourceTree = "<group>"; };
		2A99B7151DC055E90077634D /* NativeSample.app */ = {isa = PBXFileReference; explicitFileType = wrapper.application; includeInIndex = 0; path = NativeSample.app; sourceTree = BUILT_PRODUCTS_DIR; };
		2A99B7181DC055E90077634D /* AppDelegate.swift */ = {isa = PBXFileReference; lastKnownFileType = sourcecode.swift; path = AppDelegate.swift; sourceTree = "<group>"; };
		2A99B71A1DC055E90077634D /* ViewController.swift */ = {isa = PBXFileReference; lastKnownFileType = sourcecode.swift; path = ViewController.swift; sourceTree = "<group>"; };
		2A99B71D1DC055E90077634D /* Base */ = {isa = PBXFileReference; lastKnownFileType = file.storyboard; name = Base; path = Base.lproj/Main.storyboard; sourceTree = "<group>"; };
		2A99B71F1DC055E90077634D /* Assets.xcassets */ = {isa = PBXFileReference; lastKnownFileType = folder.assetcatalog; path = Assets.xcassets; sourceTree = "<group>"; };
		2A99B7221DC055E90077634D /* Base */ = {isa = PBXFileReference; lastKnownFileType = file.storyboard; name = Base; path = Base.lproj/LaunchScreen.storyboard; sourceTree = "<group>"; };
		2A99B7241DC055E90077634D /* Info.plist */ = {isa = PBXFileReference; lastKnownFileType = text.plist.xml; path = Info.plist; sourceTree = "<group>"; };
		2A99B72B1DC08AF90077634D /* VpadnSDKAdKit.framework */ = {isa = PBXFileReference; lastKnownFileType = wrapper.framework; path = VpadnSDKAdKit.framework; sourceTree = "<group>"; };
/* End PBXFileReference section */

/* Begin PBXFrameworksBuildPhase section */
		2A99B7121DC055E90077634D /* Frameworks */ = {
			isa = PBXFrameworksBuildPhase;
			buildActionMask = 2147483647;
			files = (
				2A99B72C1DC08AF90077634D /* VpadnSDKAdKit.framework in Frameworks */,
			);
			runOnlyForDeploymentPostprocessing = 0;
		};
/* End PBXFrameworksBuildPhase section */

/* Begin PBXGroup section */
		2A99B70C1DC055E90077634D = {
			isa = PBXGroup;
			children = (
				2A99B7171DC055E90077634D /* NativeSample */,
				2A99B7161DC055E90077634D /* Products */,
				2A99B72A1DC08AF80077634D /* Frameworks */,
			);
			sourceTree = "<group>";
		};
		2A99B7161DC055E90077634D /* Products */ = {
			isa = PBXGroup;
			children = (
				2A99B7151DC055E90077634D /* NativeSample.app */,
			);
			name = Products;
			sourceTree = "<group>";
		};
		2A99B7171DC055E90077634D /* NativeSample */ = {
			isa = PBXGroup;
			children = (
				2A99B7181DC055E90077634D /* AppDelegate.swift */,
				2A99B71A1DC055E90077634D /* ViewController.swift */,
				2A8BE1B71DC09D7D006AE627 /* TableViewController.swift */,
				2A8BE1B91DC0A723006AE627 /* CustomCell.swift */,
				2A99B71C1DC055E90077634D /* Main.storyboard */,
				2A99B71F1DC055E90077634D /* Assets.xcassets */,
				2A99B7211DC055E90077634D /* LaunchScreen.storyboard */,
				2A99B7241DC055E90077634D /* Info.plist */,
			);
			path = NativeSample;
			sourceTree = "<group>";
		};
		2A99B72A1DC08AF80077634D /* Frameworks */ = {
			isa = PBXGroup;
			children = (
				2A99B72B1DC08AF90077634D /* VpadnSDKAdKit.framework */,
			);
			name = Frameworks;
			sourceTree = "<group>";
		};
/* End PBXGroup section */

/* Begin PBXNativeTarget section */
		2A99B7141DC055E90077634D /* NativeSample */ = {
			isa = PBXNativeTarget;
			buildConfigurationList = 2A99B7271DC055E90077634D /* Build configuration list for PBXNativeTarget "NativeSample" */;
			buildPhases = (
				2A99B7111DC055E90077634D /* Sources */,
				2A99B7121DC055E90077634D /* Frameworks */,
				2A99B7131DC055E90077634D /* Resources */,
			);
			buildRules = (
			);
			dependencies = (
			);
			name = NativeSample;
			productName = NativeSample;
			productReference = 2A99B7151DC055E90077634D /* NativeSample.app */;
			productType = "com.apple.product-type.application";
		};
/* End PBXNativeTarget section */

/* Begin PBXProject section */
		2A99B70D1DC055E90077634D /* Project object */ = {
			isa = PBXProject;
			attributes = {
				LastSwiftUpdateCheck = 0800;
				LastUpgradeCheck = 0800;
				ORGANIZATIONNAME = Vpon;
				TargetAttributes = {
					2A99B7141DC055E90077634D = {
						CreatedOnToolsVersion = 8.0;
						ProvisioningStyle = Manual;
					};
				};
			};
			buildConfigurationList = 2A99B7101DC055E90077634D /* Build configuration list for PBXProject "NativeSample" */;
			compatibilityVersion = "Xcode 3.2";
			developmentRegion = English;
			hasScannedForEncodings = 0;
			knownRegions = (
				en,
				Base,
			);
			mainGroup = 2A99B70C1DC055E90077634D;
			productRefGroup = 2A99B7161DC055E90077634D /* Products */;
			projectDirPath = "";
			projectRoot = "";
			targets = (
				2A99B7141DC055E90077634D /* NativeSample */,
			);
		};
/* End PBXProject section */

/* Begin PBXResourcesBuildPhase section */
		2A99B7131DC055E90077634D /* Resources */ = {
			isa = PBXResourcesBuildPhase;
			buildActionMask = 2147483647;
			files = (
				2A99B7231DC055E90077634D /* LaunchScreen.storyboard in Resources */,
				2A99B7201DC055E90077634D /* Assets.xcassets in Resources */,
				2A99B71E1DC055E90077634D /* Main.storyboard in Resources */,
			);
			runOnlyForDeploymentPostprocessing = 0;
		};
/* End PBXResourcesBuildPhase section */

/* Begin PBXSourcesBuildPhase section */
		2A99B7111DC055E90077634D /* Sources */ = {
			isa = PBXSourcesBuildPhase;
			buildActionMask = 2147483647;
			files = (
				2A99B71B1DC055E90077634D /* ViewController.swift in Sources */,
				2A8BE1B81DC09D7D006AE627 /* TableViewController.swift in Sources */,
				2A8BE1BA1DC0A723006AE627 /* CustomCell.swift in Sources */,
				2A99B7191DC055E90077634D /* AppDelegate.swift in Sources */,
			);
			runOnlyForDeploymentPostprocessing = 0;
		};
/* End PBXSourcesBuildPhase section */

/* Begin PBXVariantGroup section */
		2A99B71C1DC055E90077634D /* Main.storyboard */ = {
			isa = PBXVariantGroup;
			children = (
				2A99B71D1DC055E90077634D /* Base */,
			);
			name = Main.storyboard;
			sourceTree = "<group>";
		};
		2A99B7211DC055E90077634D /* LaunchScreen.storyboard */ = {
			isa = PBXVariantGroup;
			children = (
				2A99B7221DC055E90077634D /* Base */,
			);
			name = LaunchScreen.storyboard;
			sourceTree = "<group>";
		};
/* End PBXVariantGroup section */

/* Begin XCBuildConfiguration section */
		2A99B7251DC055E90077634D /* Debug */ = {
			isa = XCBuildConfiguration;
			buildSettings = {
				ALWAYS_SEARCH_USER_PATHS = NO;
				CLANG_ANALYZER_NONNULL = YES;
				CLANG_CXX_LANGUAGE_STANDARD = "gnu++0x";
				CLANG_CXX_LIBRARY = "libc++";
				CLANG_ENABLE_MODULES = YES;
				CLANG_ENABLE_OBJC_ARC = YES;
				CLANG_WARN_BOOL_CONVERSION = YES;
				CLANG_WARN_CONSTANT_CONVERSION = YES;
				CLANG_WARN_DIRECT_OBJC_ISA_USAGE = YES_ERROR;
				CLANG_WARN_DOCUMENTATION_COMMENTS = YES;
				CLANG_WARN_EMPTY_BODY = YES;
				CLANG_WARN_ENUM_CONVERSION = YES;
				CLANG_WARN_INFINITE_RECURSION = YES;
				CLANG_WARN_INT_CONVERSION = YES;
				CLANG_WARN_OBJC_ROOT_CLASS = YES_ERROR;
				CLANG_WARN_SUSPICIOUS_MOVES = YES;
				CLANG_WARN_UNREACHABLE_CODE = YES;
				CLANG_WARN__DUPLICATE_METHOD_MATCH = YES;
				"CODE_SIGN_IDENTITY[sdk=iphoneos*]" = "iPhone Developer";
				COPY_PHASE_STRIP = NO;
				DEBUG_INFORMATION_FORMAT = dwarf;
				ENABLE_STRICT_OBJC_MSGSEND = YES;
				ENABLE_TESTABILITY = YES;
				GCC_C_LANGUAGE_STANDARD = gnu99;
				GCC_DYNAMIC_NO_PIC = NO;
				GCC_NO_COMMON_BLOCKS = YES;
				GCC_OPTIMIZATION_LEVEL = 0;
				GCC_PREPROCESSOR_DEFINITIONS = (
					"DEBUG=1",
					"$(inherited)",
				);
				GCC_WARN_64_TO_32_BIT_CONVERSION = YES;
				GCC_WARN_ABOUT_RETURN_TYPE = YES_ERROR;
				GCC_WARN_UNDECLARED_SELECTOR = YES;
				GCC_WARN_UNINITIALIZED_AUTOS = YES_AGGRESSIVE;
				GCC_WARN_UNUSED_FUNCTION = YES;
				GCC_WARN_UNUSED_VARIABLE = YES;
				IPHONEOS_DEPLOYMENT_TARGET = 10.0;
				MTL_ENABLE_DEBUG_INFO = YES;
				ONLY_ACTIVE_ARCH = YES;
				SDKROOT = iphoneos;
				SWIFT_ACTIVE_COMPILATION_CONDITIONS = DEBUG;
				SWIFT_OPTIMIZATION_LEVEL = "-Onone";
				TARGETED_DEVICE_FAMILY = "1,2";
			};
			name = Debug;
		};
		2A99B7261DC055E90077634D /* Release */ = {
			isa = XCBuildConfiguration;
			buildSettings = {
				ALWAYS_SEARCH_USER_PATHS = NO;
				CLANG_ANALYZER_NONNULL = YES;
				CLANG_CXX_LANGUAGE_STANDARD = "gnu++0x";
				CLANG_CXX_LIBRARY = "libc++";
				CLANG_ENABLE_MODULES = YES;
				CLANG_ENABLE_OBJC_ARC = YES;
				CLANG_WARN_BOOL_CONVERSION = YES;
				CLANG_WARN_CONSTANT_CONVERSION = YES;
				CLANG_WARN_DIRECT_OBJC_ISA_USAGE = YES_ERROR;
				CLANG_WARN_DOCUMENTATION_COMMENTS = YES;
				CLANG_WARN_EMPTY_BODY = YES;
				CLANG_WARN_ENUM_CONVERSION = YES;
				CLANG_WARN_INFINITE_RECURSION = YES;
				CLANG_WARN_INT_CONVERSION = YES;
				CLANG_WARN_OBJC_ROOT_CLASS = YES_ERROR;
				CLANG_WARN_SUSPICIOUS_MOVES = YES;
				CLANG_WARN_UNREACHABLE_CODE = YES;
				CLANG_WARN__DUPLICATE_METHOD_MATCH = YES;
				"CODE_SIGN_IDENTITY[sdk=iphoneos*]" = "iPhone Developer";
				COPY_PHASE_STRIP = NO;
				DEBUG_INFORMATION_FORMAT = "dwarf-with-dsym";
				ENABLE_NS_ASSERTIONS = NO;
				ENABLE_STRICT_OBJC_MSGSEND = YES;
				GCC_C_LANGUAGE_STANDARD = gnu99;
				GCC_NO_COMMON_BLOCKS = YES;
				GCC_WARN_64_TO_32_BIT_CONVERSION = YES;
				GCC_WARN_ABOUT_RETURN_TYPE = YES_ERROR;
				GCC_WARN_UNDECLARED_SELECTOR = YES;
				GCC_WARN_UNINITIALIZED_AUTOS = YES_AGGRESSIVE;
				GCC_WARN_UNUSED_FUNCTION = YES;
				GCC_WARN_UNUSED_VARIABLE = YES;
				IPHONEOS_DEPLOYMENT_TARGET = 10.0;
				MTL_ENABLE_DEBUG_INFO = NO;
				SDKROOT = iphoneos;
				SWIFT_OPTIMIZATION_LEVEL = "-Owholemodule";
				TARGETED_DEVICE_FAMILY = "1,2";
				VALIDATE_PRODUCT = YES;
			};
			name = Release;
		};
		2A99B7281DC055E90077634D /* Debug */ = {
			isa = XCBuildConfiguration;
			buildSettings = {
				ASSETCATALOG_COMPILER_APPICON_NAME = AppIcon;
				DEVELOPMENT_TEAM = "";
				FRAMEWORK_SEARCH_PATHS = (
					"$(inherited)",
					"$(PROJECT_DIR)",
				);
				INFOPLIST_FILE = NativeSample/Info.plist;
				IPHONEOS_DEPLOYMENT_TARGET = 8.0;
				LD_RUNPATH_SEARCH_PATHS = "$(inherited) @executable_path/Frameworks";
				OTHER_LDFLAGS = "-ObjC";
				PRODUCT_BUNDLE_IDENTIFIER = com.vpon.NativeSample;
				PRODUCT_NAME = "$(TARGET_NAME)";
				SWIFT_VERSION = 3.0;
			};
			name = Debug;
		};
		2A99B7291DC055E90077634D /* Release */ = {
			isa = XCBuildConfiguration;
			buildSettings = {
				ASSETCATALOG_COMPILER_APPICON_NAME = AppIcon;
				DEVELOPMENT_TEAM = "";
				FRAMEWORK_SEARCH_PATHS = (
					"$(inherited)",
					"$(PROJECT_DIR)",
				);
				INFOPLIST_FILE = NativeSample/Info.plist;
				IPHONEOS_DEPLOYMENT_TARGET = 8.0;
				LD_RUNPATH_SEARCH_PATHS = "$(inherited) @executable_path/Frameworks";
				OTHER_LDFLAGS = "-ObjC";
				PRODUCT_BUNDLE_IDENTIFIER = com.vpon.NativeSample;
				PRODUCT_NAME = "$(TARGET_NAME)";
				SWIFT_VERSION = 3.0;
			};
			name = Release;
		};
/* End XCBuildConfiguration section */

/* Begin XCConfigurationList section */
		2A99B7101DC055E90077634D /* Build configuration list for PBXProject "NativeSample" */ = {
			isa = XCConfigurationList;
			buildConfigurations = (
				2A99B7251DC055E90077634D /* Debug */,
				2A99B7261DC055E90077634D /* Release */,
			);
			defaultConfigurationIsVisible = 0;
			defaultConfigurationName = Release;
		};
		2A99B7271DC055E90077634D /* Build configuration list for PBXNativeTarget "NativeSample" */ = {
			isa = XCConfigurationList;
			buildConfigurations = (
				2A99B7281DC055E90077634D /* Debug */,
				2A99B7291DC055E90077634D /* Release */,
			);
			defaultConfigurationIsVisible = 0;
			defaultConfigurationName = Release;
		};
/* End XCConfigurationList section */
	};
	rootObject = 2A99B70D1DC055E90077634D /* Project object */;
}
