// !$*UTF8*$!
{
	archiveVersion = 1;
	classes = {
	};
	objectVersion = 46;
	objects = {

/* Begin PBXBuildFile section */
		06BE5A431EEE8E9B0003F751 /* AppDelegate.swift in Sources */ = {isa = PBXBuildFile; fileRef = 06BE5A421EEE8E9B0003F751 /* AppDelegate.swift */; };
		06BE5A481EEE8E9B0003F751 /* Main.storyboard in Resources */ = {isa = PBXBuildFile; fileRef = 06BE5A461EEE8E9B0003F751 /* Main.storyboard */; };
		06BE5A4A1EEE8E9B0003F751 /* Assets.xcassets in Resources */ = {isa = PBXBuildFile; fileRef = 06BE5A491EEE8E9B0003F751 /* Assets.xcassets */; };
		06BE5A4D1EEE8E9B0003F751 /* LaunchScreen.storyboard in Resources */ = {isa = PBXBuildFile; fileRef = 06BE5A4B1EEE8E9B0003F751 /* LaunchScreen.storyboard */; };
		06BE5A551EEE8EBA0003F751 /* VponMenuTableViewController.swift in Sources */ = {isa = PBXBuildFile; fileRef = 06BE5A541EEE8EBA0003F751 /* VponMenuTableViewController.swift */; };
		06BE5A581EEE8F400003F751 /* VponAdmobInterstitialViewController.swift in Sources */ = {isa = PBXBuildFile; fileRef = 06BE5A571EEE8F400003F751 /* VponAdmobInterstitialViewController.swift */; };
		06BE5A5A1EEE8F4D0003F751 /* VponAdmobBannerViewController.swift in Sources */ = {isa = PBXBuildFile; fileRef = 06BE5A591EEE8F4D0003F751 /* VponAdmobBannerViewController.swift */; };
		98439CC5200F79F3603B7ACA /* Pods_VponAdmobSampleSwift.framework in Frameworks */ = {isa = PBXBuildFile; fileRef = 7BB369A9F95EA7C3B47B8BD2 /* Pods_VponAdmobSampleSwift.framework */; };
/* End PBXBuildFile section */

/* Begin PBXFileReference section */
		06BE5A3F1EEE8E9B0003F751 /* VponAdmobSampleSwift.app */ = {isa = PBXFileReference; explicitFileType = wrapper.application; includeInIndex = 0; path = VponAdmobSampleSwift.app; sourceTree = BUILT_PRODUCTS_DIR; };
		06BE5A421EEE8E9B0003F751 /* AppDelegate.swift */ = {isa = PBXFileReference; lastKnownFileType = sourcecode.swift; path = AppDelegate.swift; sourceTree = "<group>"; };
		06BE5A471EEE8E9B0003F751 /* Base */ = {isa = PBXFileReference; lastKnownFileType = file.storyboard; name = Base; path = Base.lproj/Main.storyboard; sourceTree = "<group>"; };
		06BE5A491EEE8E9B0003F751 /* Assets.xcassets */ = {isa = PBXFileReference; lastKnownFileType = folder.assetcatalog; path = Assets.xcassets; sourceTree = "<group>"; };
		06BE5A4C1EEE8E9B0003F751 /* Base */ = {isa = PBXFileReference; lastKnownFileType = file.storyboard; name = Base; path = Base.lproj/LaunchScreen.storyboard; sourceTree = "<group>"; };
		06BE5A4E1EEE8E9B0003F751 /* Info.plist */ = {isa = PBXFileReference; lastKnownFileType = text.plist.xml; path = Info.plist; sourceTree = "<group>"; };
		06BE5A541EEE8EBA0003F751 /* VponMenuTableViewController.swift */ = {isa = PBXFileReference; fileEncoding = 4; lastKnownFileType = sourcecode.swift; path = VponMenuTableViewController.swift; sourceTree = "<group>"; };
		06BE5A571EEE8F400003F751 /* VponAdmobInterstitialViewController.swift */ = {isa = PBXFileReference; fileEncoding = 4; lastKnownFileType = sourcecode.swift; path = VponAdmobInterstitialViewController.swift; sourceTree = "<group>"; };
		06BE5A591EEE8F4D0003F751 /* VponAdmobBannerViewController.swift */ = {isa = PBXFileReference; fileEncoding = 4; lastKnownFileType = sourcecode.swift; path = VponAdmobBannerViewController.swift; sourceTree = "<group>"; };
		7BB369A9F95EA7C3B47B8BD2 /* Pods_VponAdmobSampleSwift.framework */ = {isa = PBXFileReference; explicitFileType = wrapper.framework; includeInIndex = 0; path = Pods_VponAdmobSampleSwift.framework; sourceTree = BUILT_PRODUCTS_DIR; };
		ABFB33BBDE1D93BBDF40B7E6 /* Pods-VponAdmobSampleSwift.release.xcconfig */ = {isa = PBXFileReference; includeInIndex = 1; lastKnownFileType = text.xcconfig; name = "Pods-VponAdmobSampleSwift.release.xcconfig"; path = "Pods/Target Support Files/Pods-VponAdmobSampleSwift/Pods-VponAdmobSampleSwift.release.xcconfig"; sourceTree = "<group>"; };
		EF7A02A6076277556CF7EF40 /* Pods-VponAdmobSampleSwift.debug.xcconfig */ = {isa = PBXFileReference; includeInIndex = 1; lastKnownFileType = text.xcconfig; name = "Pods-VponAdmobSampleSwift.debug.xcconfig"; path = "Pods/Target Support Files/Pods-VponAdmobSampleSwift/Pods-VponAdmobSampleSwift.debug.xcconfig"; sourceTree = "<group>"; };
/* End PBXFileReference section */

/* Begin PBXFrameworksBuildPhase section */
		06BE5A3C1EEE8E9B0003F751 /* Frameworks */ = {
			isa = PBXFrameworksBuildPhase;
			buildActionMask = 2147483647;
			files = (
				98439CC5200F79F3603B7ACA /* Pods_VponAdmobSampleSwift.framework in Frameworks */,
			);
			runOnlyForDeploymentPostprocessing = 0;
		};
/* End PBXFrameworksBuildPhase section */

/* Begin PBXGroup section */
		06BE5A361EEE8E9B0003F751 = {
			isa = PBXGroup;
			children = (
				06BE5A411EEE8E9B0003F751 /* VponAdmobSampleSwift */,
				06BE5A401EEE8E9B0003F751 /* Products */,
				74FD5E869001C02D905DE7BE /* Pods */,
				5D33A54EB4C58DB2AD6F9BF1 /* Frameworks */,
			);
			sourceTree = "<group>";
		};
		06BE5A401EEE8E9B0003F751 /* Products */ = {
			isa = PBXGroup;
			children = (
				06BE5A3F1EEE8E9B0003F751 /* VponAdmobSampleSwift.app */,
			);
			name = Products;
			sourceTree = "<group>";
		};
		06BE5A411EEE8E9B0003F751 /* VponAdmobSampleSwift */ = {
			isa = PBXGroup;
			children = (
				06BE5A421EEE8E9B0003F751 /* AppDelegate.swift */,
				06BE5A541EEE8EBA0003F751 /* VponMenuTableViewController.swift */,
				06BE5A561EEE8F170003F751 /* AdMob */,
				06BE5A461EEE8E9B0003F751 /* Main.storyboard */,
				06BE5A491EEE8E9B0003F751 /* Assets.xcassets */,
				06BE5A4B1EEE8E9B0003F751 /* LaunchScreen.storyboard */,
				06BE5A4E1EEE8E9B0003F751 /* Info.plist */,
			);
			path = VponAdmobSampleSwift;
			sourceTree = "<group>";
		};
		06BE5A561EEE8F170003F751 /* AdMob */ = {
			isa = PBXGroup;
			children = (
				06BE5A571EEE8F400003F751 /* VponAdmobInterstitialViewController.swift */,
				06BE5A591EEE8F4D0003F751 /* VponAdmobBannerViewController.swift */,
			);
			path = AdMob;
			sourceTree = "<group>";
		};
		5D33A54EB4C58DB2AD6F9BF1 /* Frameworks */ = {
			isa = PBXGroup;
			children = (
				7BB369A9F95EA7C3B47B8BD2 /* Pods_VponAdmobSampleSwift.framework */,
			);
			name = Frameworks;
			sourceTree = "<group>";
		};
		74FD5E869001C02D905DE7BE /* Pods */ = {
			isa = PBXGroup;
			children = (
				EF7A02A6076277556CF7EF40 /* Pods-VponAdmobSampleSwift.debug.xcconfig */,
				ABFB33BBDE1D93BBDF40B7E6 /* Pods-VponAdmobSampleSwift.release.xcconfig */,
			);
			name = Pods;
			sourceTree = "<group>";
		};
/* End PBXGroup section */

/* Begin PBXNativeTarget section */
		06BE5A3E1EEE8E9B0003F751 /* VponAdmobSampleSwift */ = {
			isa = PBXNativeTarget;
			buildConfigurationList = 06BE5A511EEE8E9B0003F751 /* Build configuration list for PBXNativeTarget "VponAdmobSampleSwift" */;
			buildPhases = (
				BAAA4140734D0C6DAAF2777B /* [CP] Check Pods Manifest.lock */,
				06BE5A3B1EEE8E9B0003F751 /* Sources */,
				06BE5A3C1EEE8E9B0003F751 /* Frameworks */,
				06BE5A3D1EEE8E9B0003F751 /* Resources */,
				BCBCBC97AF8095EE05E0025E /* [CP] Embed Pods Frameworks */,
			);
			buildRules = (
			);
			dependencies = (
			);
			name = VponAdmobSampleSwift;
			productName = VponAdmobSampleSwift;
			productReference = 06BE5A3F1EEE8E9B0003F751 /* VponAdmobSampleSwift.app */;
			productType = "com.apple.product-type.application";
		};
/* End PBXNativeTarget section */

/* Begin PBXProject section */
		06BE5A371EEE8E9B0003F751 /* Project object */ = {
			isa = PBXProject;
			attributes = {
				LastSwiftUpdateCheck = 0830;
				LastUpgradeCheck = 0830;
				ORGANIZATIONNAME = Soul;
				TargetAttributes = {
					06BE5A3E1EEE8E9B0003F751 = {
						CreatedOnToolsVersion = 8.3.1;
						DevelopmentTeam = 55Z8U5LW3G;
						ProvisioningStyle = Automatic;
					};
				};
			};
			buildConfigurationList = 06BE5A3A1EEE8E9B0003F751 /* Build configuration list for PBXProject "VponAdmobSampleSwift" */;
			compatibilityVersion = "Xcode 3.2";
			developmentRegion = English;
			hasScannedForEncodings = 0;
			knownRegions = (
				English,
				en,
				Base,
			);
			mainGroup = 06BE5A361EEE8E9B0003F751;
			productRefGroup = 06BE5A401EEE8E9B0003F751 /* Products */;
			projectDirPath = "";
			projectRoot = "";
			targets = (
				06BE5A3E1EEE8E9B0003F751 /* VponAdmobSampleSwift */,
			);
		};
/* End PBXProject section */

/* Begin PBXResourcesBuildPhase section */
		06BE5A3D1EEE8E9B0003F751 /* Resources */ = {
			isa = PBXResourcesBuildPhase;
			buildActionMask = 2147483647;
			files = (
				06BE5A4D1EEE8E9B0003F751 /* LaunchScreen.storyboard in Resources */,
				06BE5A4A1EEE8E9B0003F751 /* Assets.xcassets in Resources */,
				06BE5A481EEE8E9B0003F751 /* Main.storyboard in Resources */,
			);
			runOnlyForDeploymentPostprocessing = 0;
		};
/* End PBXResourcesBuildPhase section */

/* Begin PBXShellScriptBuildPhase section */
		BAAA4140734D0C6DAAF2777B /* [CP] Check Pods Manifest.lock */ = {
			isa = PBXShellScriptBuildPhase;
			buildActionMask = 2147483647;
			files = (
			);
			inputPaths = (
				"${PODS_PODFILE_DIR_PATH}/Podfile.lock",
				"${PODS_ROOT}/Manifest.lock",
			);
			name = "[CP] Check Pods Manifest.lock";
			outputPaths = (
				"$(DERIVED_FILE_DIR)/Pods-VponAdmobSampleSwift-checkManifestLockResult.txt",
			);
			runOnlyForDeploymentPostprocessing = 0;
			shellPath = /bin/sh;
			shellScript = "diff \"${PODS_PODFILE_DIR_PATH}/Podfile.lock\" \"${PODS_ROOT}/Manifest.lock\" > /dev/null\nif [ $? != 0 ] ; then\n    # print error to STDERR\n    echo \"error: The sandbox is not in sync with the Podfile.lock. Run 'pod install' or update your CocoaPods installation.\" >&2\n    exit 1\nfi\n# This output is used by Xcode 'outputs' to avoid re-running this script phase.\necho \"SUCCESS\" > \"${SCRIPT_OUTPUT_FILE_0}\"\n";
			showEnvVarsInLog = 0;
		};
		BCBCBC97AF8095EE05E0025E /* [CP] Embed Pods Frameworks */ = {
			isa = PBXShellScriptBuildPhase;
			buildActionMask = 2147483647;
			files = (
			);
			inputPaths = (
				"${PODS_ROOT}/Target Support Files/Pods-VponAdmobSampleSwift/Pods-VponAdmobSampleSwift-frameworks.sh",
				"${BUILT_PRODUCTS_DIR}/GoogleUtilities/GoogleUtilities.framework",
				"${BUILT_PRODUCTS_DIR}/PromisesObjC/FBLPromises.framework",
				"${BUILT_PRODUCTS_DIR}/nanopb/nanopb.framework",
			);
			name = "[CP] Embed Pods Frameworks";
			outputPaths = (
				"${TARGET_BUILD_DIR}/${FRAMEWORKS_FOLDER_PATH}/GoogleUtilities.framework",
				"${TARGET_BUILD_DIR}/${FRAMEWORKS_FOLDER_PATH}/FBLPromises.framework",
				"${TARGET_BUILD_DIR}/${FRAMEWORKS_FOLDER_PATH}/nanopb.framework",
			);
			runOnlyForDeploymentPostprocessing = 0;
			shellPath = /bin/sh;
			shellScript = "\"${PODS_ROOT}/Target Support Files/Pods-VponAdmobSampleSwift/Pods-VponAdmobSampleSwift-frameworks.sh\"\n";
			showEnvVarsInLog = 0;
		};
/* End PBXShellScriptBuildPhase section */

/* Begin PBXSourcesBuildPhase section */
		06BE5A3B1EEE8E9B0003F751 /* Sources */ = {
			isa = PBXSourcesBuildPhase;
			buildActionMask = 2147483647;
			files = (
				06BE5A581EEE8F400003F751 /* VponAdmobInterstitialViewController.swift in Sources */,
				06BE5A5A1EEE8F4D0003F751 /* VponAdmobBannerViewController.swift in Sources */,
				06BE5A551EEE8EBA0003F751 /* VponMenuTableViewController.swift in Sources */,
				06BE5A431EEE8E9B0003F751 /* AppDelegate.swift in Sources */,
			);
			runOnlyForDeploymentPostprocessing = 0;
		};
/* End PBXSourcesBuildPhase section */

/* Begin PBXVariantGroup section */
		06BE5A461EEE8E9B0003F751 /* Main.storyboard */ = {
			isa = PBXVariantGroup;
			children = (
				06BE5A471EEE8E9B0003F751 /* Base */,
			);
			name = Main.storyboard;
			sourceTree = "<group>";
		};
		06BE5A4B1EEE8E9B0003F751 /* LaunchScreen.storyboard */ = {
			isa = PBXVariantGroup;
			children = (
				06BE5A4C1EEE8E9B0003F751 /* Base */,
			);
			name = LaunchScreen.storyboard;
			sourceTree = "<group>";
		};
/* End PBXVariantGroup section */

/* Begin XCBuildConfiguration section */
		06BE5A4F1EEE8E9B0003F751 /* Debug */ = {
			isa = XCBuildConfiguration;
			buildSettings = {
				ALWAYS_SEARCH_USER_PATHS = NO;
				CLANG_ANALYZER_NONNULL = YES;
				CLANG_ANALYZER_NUMBER_OBJECT_CONVERSION = YES_AGGRESSIVE;
				CLANG_CXX_LANGUAGE_STANDARD = "gnu++0x";
				CLANG_CXX_LIBRARY = "libc++";
				CLANG_ENABLE_MODULES = YES;
				CLANG_ENABLE_OBJC_ARC = YES;
				CLANG_WARN_BOOL_CONVERSION = YES;
				CLANG_WARN_CONSTANT_CONVERSION = YES;
				CLANG_WARN_DIRECT_OBJC_ISA_USAGE = YES_ERROR;
				CLANG_WARN_DOCUMENTATION_COMMENTS = YES;
				CLANG_WARN_EMPTY_BODY = YES;
				CLANG_WARN_ENUM_CONVERSION = YES;
				CLANG_WARN_INFINITE_RECURSION = YES;
				CLANG_WARN_INT_CONVERSION = YES;
				CLANG_WARN_OBJC_ROOT_CLASS = YES_ERROR;
				CLANG_WARN_SUSPICIOUS_MOVE = YES;
				CLANG_WARN_UNREACHABLE_CODE = YES;
				CLANG_WARN__DUPLICATE_METHOD_MATCH = YES;
				"CODE_SIGN_IDENTITY[sdk=iphoneos*]" = "iPhone Developer";
				COPY_PHASE_STRIP = NO;
				DEBUG_INFORMATION_FORMAT = dwarf;
				ENABLE_STRICT_OBJC_MSGSEND = YES;
				ENABLE_TESTABILITY = YES;
				GCC_C_LANGUAGE_STANDARD = gnu99;
				GCC_DYNAMIC_NO_PIC = NO;
				GCC_NO_COMMON_BLOCKS = YES;
				GCC_OPTIMIZATION_LEVEL = 0;
				GCC_PREPROCESSOR_DEFINITIONS = (
					"DEBUG=1",
					"$(inherited)",
				);
				GCC_WARN_64_TO_32_BIT_CONVERSION = YES;
				GCC_WARN_ABOUT_RETURN_TYPE = YES_ERROR;
				GCC_WARN_UNDECLARED_SELECTOR = YES;
				GCC_WARN_UNINITIALIZED_AUTOS = YES_AGGRESSIVE;
				GCC_WARN_UNUSED_FUNCTION = YES;
				GCC_WARN_UNUSED_VARIABLE = YES;
				IPHONEOS_DEPLOYMENT_TARGET = 10.3;
				MTL_ENABLE_DEBUG_INFO = YES;
				ONLY_ACTIVE_ARCH = YES;
				SDKROOT = iphoneos;
				SWIFT_ACTIVE_COMPILATION_CONDITIONS = DEBUG;
				SWIFT_OPTIMIZATION_LEVEL = "-Onone";
				TARGETED_DEVICE_FAMILY = "1,2";
			};
			name = Debug;
		};
		06BE5A501EEE8E9B0003F751 /* Release */ = {
			isa = XCBuildConfiguration;
			buildSettings = {
				ALWAYS_SEARCH_USER_PATHS = NO;
				CLANG_ANALYZER_NONNULL = YES;
				CLANG_ANALYZER_NUMBER_OBJECT_CONVERSION = YES_AGGRESSIVE;
				CLANG_CXX_LANGUAGE_STANDARD = "gnu++0x";
				CLANG_CXX_LIBRARY = "libc++";
				CLANG_ENABLE_MODULES = YES;
				CLANG_ENABLE_OBJC_ARC = YES;
				CLANG_WARN_BOOL_CONVERSION = YES;
				CLANG_WARN_CONSTANT_CONVERSION = YES;
				CLANG_WARN_DIRECT_OBJC_ISA_USAGE = YES_ERROR;
				CLANG_WARN_DOCUMENTATION_COMMENTS = YES;
				CLANG_WARN_EMPTY_BODY = YES;
				CLANG_WARN_ENUM_CONVERSION = YES;
				CLANG_WARN_INFINITE_RECURSION = YES;
				CLANG_WARN_INT_CONVERSION = YES;
				CLANG_WARN_OBJC_ROOT_CLASS = YES_ERROR;
				CLANG_WARN_SUSPICIOUS_MOVE = YES;
				CLANG_WARN_UNREACHABLE_CODE = YES;
				CLANG_WARN__DUPLICATE_METHOD_MATCH = YES;
				"CODE_SIGN_IDENTITY[sdk=iphoneos*]" = "iPhone Developer";
				COPY_PHASE_STRIP = NO;
				DEBUG_INFORMATION_FORMAT = "dwarf-with-dsym";
				ENABLE_NS_ASSERTIONS = NO;
				ENABLE_STRICT_OBJC_MSGSEND = YES;
				GCC_C_LANGUAGE_STANDARD = gnu99;
				GCC_NO_COMMON_BLOCKS = YES;
				GCC_WARN_64_TO_32_BIT_CONVERSION = YES;
				GCC_WARN_ABOUT_RETURN_TYPE = YES_ERROR;
				GCC_WARN_UNDECLARED_SELECTOR = YES;
				GCC_WARN_UNINITIALIZED_AUTOS = YES_AGGRESSIVE;
				GCC_WARN_UNUSED_FUNCTION = YES;
				GCC_WARN_UNUSED_VARIABLE = YES;
				IPHONEOS_DEPLOYMENT_TARGET = 10.3;
				MTL_ENABLE_DEBUG_INFO = NO;
				SDKROOT = iphoneos;
				SWIFT_OPTIMIZATION_LEVEL = "-Owholemodule";
				TARGETED_DEVICE_FAMILY = "1,2";
				VALIDATE_PRODUCT = YES;
			};
			name = Release;
		};
		06BE5A521EEE8E9B0003F751 /* Debug */ = {
			isa = XCBuildConfiguration;
			baseConfigurationReference = EF7A02A6076277556CF7EF40 /* Pods-VponAdmobSampleSwift.debug.xcconfig */;
			buildSettings = {
				ASSETCATALOG_COMPILER_APPICON_NAME = AppIcon;
				DEVELOPMENT_TEAM = 55Z8U5LW3G;
				INFOPLIST_FILE = VponAdmobSampleSwift/Info.plist;
				LD_RUNPATH_SEARCH_PATHS = "$(inherited) @executable_path/Frameworks";
				PRODUCT_BUNDLE_IDENTIFIER = com.vpon.tw.mediationforadmob;
				PRODUCT_NAME = "$(TARGET_NAME)";
				SWIFT_VERSION = 5.0;
			};
			name = Debug;
		};
		06BE5A531EEE8E9B0003F751 /* Release */ = {
			isa = XCBuildConfiguration;
			baseConfigurationReference = ABFB33BBDE1D93BBDF40B7E6 /* Pods-VponAdmobSampleSwift.release.xcconfig */;
			buildSettings = {
				ASSETCATALOG_COMPILER_APPICON_NAME = AppIcon;
				DEVELOPMENT_TEAM = 55Z8U5LW3G;
				INFOPLIST_FILE = VponAdmobSampleSwift/Info.plist;
				LD_RUNPATH_SEARCH_PATHS = "$(inherited) @executable_path/Frameworks";
				PRODUCT_BUNDLE_IDENTIFIER = com.vpon.tw.mediationforadmob;
				PRODUCT_NAME = "$(TARGET_NAME)";
				SWIFT_VERSION = 5.0;
			};
			name = Release;
		};
/* End XCBuildConfiguration section */

/* Begin XCConfigurationList section */
		06BE5A3A1EEE8E9B0003F751 /* Build configuration list for PBXProject "VponAdmobSampleSwift" */ = {
			isa = XCConfigurationList;
			buildConfigurations = (
				06BE5A4F1EEE8E9B0003F751 /* Debug */,
				06BE5A501EEE8E9B0003F751 /* Release */,
			);
			defaultConfigurationIsVisible = 0;
			defaultConfigurationName = Release;
		};
		06BE5A511EEE8E9B0003F751 /* Build configuration list for PBXNativeTarget "VponAdmobSampleSwift" */ = {
			isa = XCConfigurationList;
			buildConfigurations = (
				06BE5A521EEE8E9B0003F751 /* Debug */,
				06BE5A531EEE8E9B0003F751 /* Release */,
			);
			defaultConfigurationIsVisible = 0;
			defaultConfigurationName = Release;
		};
/* End XCConfigurationList section */
	};
	rootObject = 06BE5A371EEE8E9B0003F751 /* Project object */;
}
