// !$*UTF8*$!
{
	archiveVersion = 1;
	classes = {
	};
	objectVersion = 54;
	objects = {

/* Begin PBXBuildFile section */
		06BE5A431EEE8E9B0003F751 /* AppDelegate.swift in Sources */ = {isa = PBXBuildFile; fileRef = 06BE5A421EEE8E9B0003F751 /* AppDelegate.swift */; };
		06BE5A481EEE8E9B0003F751 /* Main.storyboard in Resources */ = {isa = PBXBuildFile; fileRef = 06BE5A461EEE8E9B0003F751 /* Main.storyboard */; };
		06BE5A4A1EEE8E9B0003F751 /* Assets.xcassets in Resources */ = {isa = PBXBuildFile; fileRef = 06BE5A491EEE8E9B0003F751 /* Assets.xcassets */; };
		06BE5A4D1EEE8E9B0003F751 /* LaunchScreen.storyboard in Resources */ = {isa = PBXBuildFile; fileRef = 06BE5A4B1EEE8E9B0003F751 /* LaunchScreen.storyboard */; };
		98439CC5200F79F3603B7ACA /* (null) in Frameworks */ = {isa = PBXBuildFile; };
		A8188E4E2FAC27EF008E3272 /* ViewController.swift in Sources */ = {isa = PBXBuildFile; fileRef = A8188E4D2FAC27EF008E3272 /* ViewController.swift */; };
		A8188E872FAC375F008E3272 /* ViewController.swift in Sources */ = {isa = PBXBuildFile; fileRef = A8188E4D2FAC27EF008E3272 /* ViewController.swift */; };
		A8188E882FAC375F008E3272 /* AppDelegate.swift in Sources */ = {isa = PBXBuildFile; fileRef = 06BE5A421EEE8E9B0003F751 /* AppDelegate.swift */; };
		A8188E8C2FAC375F008E3272 /* LaunchScreen.storyboard in Resources */ = {isa = PBXBuildFile; fileRef = 06BE5A4B1EEE8E9B0003F751 /* LaunchScreen.storyboard */; };
		A8188E8D2FAC375F008E3272 /* Assets.xcassets in Resources */ = {isa = PBXBuildFile; fileRef = 06BE5A491EEE8E9B0003F751 /* Assets.xcassets */; };
		A8188E8E2FAC375F008E3272 /* Main.storyboard in Resources */ = {isa = PBXBuildFile; fileRef = 06BE5A461EEE8E9B0003F751 /* Main.storyboard */; };
		A8188E992FAC3B5E008E3272 /* AdMobMediationAdapterVpadn in Frameworks */ = {isa = PBXBuildFile; productRef = A8188E982FAC3B5E008E3272 /* AdMobMediationAdapterVpadn */; };
		B125276BADD5E31D3FB61C56 /* Pods_VponAdmobSampleSwiftPods.framework in Frameworks */ = {isa = PBXBuildFile; fileRef = 1FE1ACD5FB058E6B6743DA3C /* Pods_VponAdmobSampleSwiftPods.framework */; };
/* End PBXBuildFile section */

/* Begin PBXCopyFilesBuildPhase section */
		A8188E902FAC375F008E3272 /* Embed Frameworks */ = {
			isa = PBXCopyFilesBuildPhase;
			buildActionMask = 2147483647;
			dstPath = "";
			dstSubfolderSpec = 10;
			files = (
			);
			name = "Embed Frameworks";
			runOnlyForDeploymentPostprocessing = 0;
		};
		D0306BCD2C576BA700082B31 /* Embed Frameworks */ = {
			isa = PBXCopyFilesBuildPhase;
			buildActionMask = 2147483647;
			dstPath = "";
			dstSubfolderSpec = 10;
			files = (
			);
			name = "Embed Frameworks";
			runOnlyForDeploymentPostprocessing = 0;
		};
/* End PBXCopyFilesBuildPhase section */

/* Begin PBXFileReference section */
		06BE5A3F1EEE8E9B0003F751 /* VponAdmobSampleSwift.app */ = {isa = PBXFileReference; explicitFileType = wrapper.application; includeInIndex = 0; path = VponAdmobSampleSwift.app; sourceTree = BUILT_PRODUCTS_DIR; };
		06BE5A421EEE8E9B0003F751 /* AppDelegate.swift */ = {isa = PBXFileReference; lastKnownFileType = sourcecode.swift; path = AppDelegate.swift; sourceTree = "<group>"; };
		06BE5A471EEE8E9B0003F751 /* Base */ = {isa = PBXFileReference; lastKnownFileType = file.storyboard; name = Base; path = Base.lproj/Main.storyboard; sourceTree = "<group>"; };
		06BE5A491EEE8E9B0003F751 /* Assets.xcassets */ = {isa = PBXFileReference; lastKnownFileType = folder.assetcatalog; path = Assets.xcassets; sourceTree = "<group>"; };
		06BE5A4C1EEE8E9B0003F751 /* Base */ = {isa = PBXFileReference; lastKnownFileType = file.storyboard; name = Base; path = Base.lproj/LaunchScreen.storyboard; sourceTree = "<group>"; };
		06BE5A4E1EEE8E9B0003F751 /* Info.plist */ = {isa = PBXFileReference; lastKnownFileType = text.plist.xml; path = Info.plist; sourceTree = "<group>"; };
		1FE1ACD5FB058E6B6743DA3C /* Pods_VponAdmobSampleSwiftPods.framework */ = {isa = PBXFileReference; explicitFileType = wrapper.framework; includeInIndex = 0; path = Pods_VponAdmobSampleSwiftPods.framework; sourceTree = BUILT_PRODUCTS_DIR; };
		350F50BCB4096FD90766ECD9 /* Pods-VponAdmobSampleSwiftPods.debug.xcconfig */ = {isa = PBXFileReference; includeInIndex = 1; lastKnownFileType = text.xcconfig; name = "Pods-VponAdmobSampleSwiftPods.debug.xcconfig"; path = "Pods/Target Support Files/Pods-VponAdmobSampleSwiftPods/Pods-VponAdmobSampleSwiftPods.debug.xcconfig"; sourceTree = "<group>"; };
		838C8A6701B56E170C4598B9 /* Pods-VponAdmobSampleSwiftPods.release.xcconfig */ = {isa = PBXFileReference; includeInIndex = 1; lastKnownFileType = text.xcconfig; name = "Pods-VponAdmobSampleSwiftPods.release.xcconfig"; path = "Pods/Target Support Files/Pods-VponAdmobSampleSwiftPods/Pods-VponAdmobSampleSwiftPods.release.xcconfig"; sourceTree = "<group>"; };
		A8188E4D2FAC27EF008E3272 /* ViewController.swift */ = {isa = PBXFileReference; lastKnownFileType = sourcecode.swift; path = ViewController.swift; sourceTree = "<group>"; };
		A8188E952FAC375F008E3272 /* VponAdmobSampleSwiftPods.app */ = {isa = PBXFileReference; explicitFileType = wrapper.application; includeInIndex = 0; path = VponAdmobSampleSwiftPods.app; sourceTree = BUILT_PRODUCTS_DIR; };
		ABFB33BBDE1D93BBDF40B7E6 /* Pods-VponAdmobSampleSwift.release.xcconfig */ = {isa = PBXFileReference; includeInIndex = 1; lastKnownFileType = text.xcconfig; name = "Pods-VponAdmobSampleSwift.release.xcconfig"; path = "Pods/Target Support Files/Pods-VponAdmobSampleSwift/Pods-VponAdmobSampleSwift.release.xcconfig"; sourceTree = "<group>"; };
		EF7A02A6076277556CF7EF40 /* Pods-VponAdmobSampleSwift.debug.xcconfig */ = {isa = PBXFileReference; includeInIndex = 1; lastKnownFileType = text.xcconfig; name = "Pods-VponAdmobSampleSwift.debug.xcconfig"; path = "Pods/Target Support Files/Pods-VponAdmobSampleSwift/Pods-VponAdmobSampleSwift.debug.xcconfig"; sourceTree = "<group>"; };
		D0306BD22C576BA700082B32 /* Config.xcconfig */ = {isa = PBXFileReference; lastKnownFileType = text.xcconfig; path = Config.xcconfig; sourceTree = "<group>"; };
		D0306BD32C576BA700082B33 /* Secrets.xcconfig */ = {isa = PBXFileReference; lastKnownFileType = text.xcconfig; path = Secrets.xcconfig; sourceTree = "<group>"; };
/* End PBXFileReference section */

/* Begin PBXFrameworksBuildPhase section */
		06BE5A3C1EEE8E9B0003F751 /* Frameworks */ = {
			isa = PBXFrameworksBuildPhase;
			buildActionMask = 2147483647;
			files = (
				98439CC5200F79F3603B7ACA /* (null) in Frameworks */,
				A8188E992FAC3B5E008E3272 /* AdMobMediationAdapterVpadn in Frameworks */,
			);
			runOnlyForDeploymentPostprocessing = 0;
		};
		A8188E892FAC375F008E3272 /* Frameworks */ = {
			isa = PBXFrameworksBuildPhase;
			buildActionMask = 2147483647;
			files = (
				B125276BADD5E31D3FB61C56 /* Pods_VponAdmobSampleSwiftPods.framework in Frameworks */,
			);
			runOnlyForDeploymentPostprocessing = 0;
		};
/* End PBXFrameworksBuildPhase section */

/* Begin PBXGroup section */
		06BE5A361EEE8E9B0003F751 = {
			isa = PBXGroup;
			children = (
				D0306BD22C576BA700082B32 /* Config.xcconfig */,
				D0306BD32C576BA700082B33 /* Secrets.xcconfig */,
				06BE5A411EEE8E9B0003F751 /* VponAdmobSampleSwift */,
				06BE5A401EEE8E9B0003F751 /* Products */,
				74FD5E869001C02D905DE7BE /* Pods */,
				5D33A54EB4C58DB2AD6F9BF1 /* Frameworks */,
			);
			sourceTree = "<group>";
		};
		06BE5A401EEE8E9B0003F751 /* Products */ = {
			isa = PBXGroup;
			children = (
				06BE5A3F1EEE8E9B0003F751 /* VponAdmobSampleSwift.app */,
				A8188E952FAC375F008E3272 /* VponAdmobSampleSwiftPods.app */,
			);
			name = Products;
			sourceTree = "<group>";
		};
		06BE5A411EEE8E9B0003F751 /* VponAdmobSampleSwift */ = {
			isa = PBXGroup;
			children = (
				A8188E4D2FAC27EF008E3272 /* ViewController.swift */,
				06BE5A421EEE8E9B0003F751 /* AppDelegate.swift */,
				06BE5A461EEE8E9B0003F751 /* Main.storyboard */,
				06BE5A491EEE8E9B0003F751 /* Assets.xcassets */,
				06BE5A4B1EEE8E9B0003F751 /* LaunchScreen.storyboard */,
				06BE5A4E1EEE8E9B0003F751 /* Info.plist */,
			);
			path = VponAdmobSampleSwift;
			sourceTree = "<group>";
		};
		5D33A54EB4C58DB2AD6F9BF1 /* Frameworks */ = {
			isa = PBXGroup;
			children = (
				1FE1ACD5FB058E6B6743DA3C /* Pods_VponAdmobSampleSwiftPods.framework */,
			);
			name = Frameworks;
			sourceTree = "<group>";
		};
		74FD5E869001C02D905DE7BE /* Pods */ = {
			isa = PBXGroup;
			children = (
				EF7A02A6076277556CF7EF40 /* Pods-VponAdmobSampleSwift.debug.xcconfig */,
				ABFB33BBDE1D93BBDF40B7E6 /* Pods-VponAdmobSampleSwift.release.xcconfig */,
				350F50BCB4096FD90766ECD9 /* Pods-VponAdmobSampleSwiftPods.debug.xcconfig */,
				838C8A6701B56E170C4598B9 /* Pods-VponAdmobSampleSwiftPods.release.xcconfig */,
			);
			name = Pods;
			sourceTree = "<group>";
		};
/* End PBXGroup section */

/* Begin PBXNativeTarget section */
		06BE5A3E1EEE8E9B0003F751 /* VponAdmobSampleSwift */ = {
			isa = PBXNativeTarget;
			buildConfigurationList = 06BE5A511EEE8E9B0003F751 /* Build configuration list for PBXNativeTarget "VponAdmobSampleSwift" */;
			buildPhases = (
				BAAA4140734D0C6DAAF2777B /* [CP] Check Pods Manifest.lock */,
				06BE5A3B1EEE8E9B0003F751 /* Sources */,
				06BE5A3C1EEE8E9B0003F751 /* Frameworks */,
				06BE5A3D1EEE8E9B0003F751 /* Resources */,
				D0306BCD2C576BA700082B31 /* Embed Frameworks */,
			);
			buildRules = (
			);
			dependencies = (
			);
			name = VponAdmobSampleSwift;
			productName = VponAdmobSampleSwift;
			productReference = 06BE5A3F1EEE8E9B0003F751 /* VponAdmobSampleSwift.app */;
			productType = "com.apple.product-type.application";
		};
		A8188E842FAC375F008E3272 /* VponAdmobSampleSwiftPods */ = {
			isa = PBXNativeTarget;
			buildConfigurationList = A8188E922FAC375F008E3272 /* Build configuration list for PBXNativeTarget "VponAdmobSampleSwiftPods" */;
			buildPhases = (
				A8188E852FAC375F008E3272 /* [CP] Check Pods Manifest.lock */,
				A8188E862FAC375F008E3272 /* Sources */,
				A8188E892FAC375F008E3272 /* Frameworks */,
				A8188E8B2FAC375F008E3272 /* Resources */,
				A8188E8F2FAC375F008E3272 /* [CP] Embed Pods Frameworks */,
				A8188E902FAC375F008E3272 /* Embed Frameworks */,
				A8188E912FAC375F008E3272 /* [CP] Copy Pods Resources */,
			);
			buildRules = (
			);
			dependencies = (
			);
			name = VponAdmobSampleSwiftPods;
			productName = VponAdmobSampleSwift;
			productReference = A8188E952FAC375F008E3272 /* VponAdmobSampleSwiftPods.app */;
			productType = "com.apple.product-type.application";
		};
/* End PBXNativeTarget section */

/* Begin PBXProject section */
		06BE5A371EEE8E9B0003F751 /* Project object */ = {
			isa = PBXProject;
			attributes = {
				LastSwiftUpdateCheck = 0830;
				LastUpgradeCheck = 0830;
				ORGANIZATIONNAME = Soul;
				TargetAttributes = {
					06BE5A3E1EEE8E9B0003F751 = {
						CreatedOnToolsVersion = 8.3.1;
						DevelopmentTeam = 55Z8U5LW3G;
						ProvisioningStyle = Automatic;
					};
					A8188E842FAC375F008E3272 = {
						DevelopmentTeam = 55Z8U5LW3G;
					};
				};
			};
			buildConfigurationList = 06BE5A3A1EEE8E9B0003F751 /* Build configuration list for PBXProject "VponAdmobSampleSwift" */;
			compatibilityVersion = "Xcode 3.2";
			developmentRegion = English;
			hasScannedForEncodings = 0;
			knownRegions = (
				English,
				en,
				Base,
			);
			mainGroup = 06BE5A361EEE8E9B0003F751;
			packageReferences = (
				A8188E972FAC3B5E008E3272 /* XCRemoteSwiftPackageReference "AdMobMediationAdapterVpadn-iOS-SPM" */,
			);
			productRefGroup = 06BE5A401EEE8E9B0003F751 /* Products */;
			projectDirPath = "";
			projectRoot = "";
			targets = (
				06BE5A3E1EEE8E9B0003F751 /* VponAdmobSampleSwift */,
				A8188E842FAC375F008E3272 /* VponAdmobSampleSwiftPods */,
			);
		};
/* End PBXProject section */

/* Begin PBXResourcesBuildPhase section */
		06BE5A3D1EEE8E9B0003F751 /* Resources */ = {
			isa = PBXResourcesBuildPhase;
			buildActionMask = 2147483647;
			files = (
				06BE5A4D1EEE8E9B0003F751 /* LaunchScreen.storyboard in Resources */,
				06BE5A4A1EEE8E9B0003F751 /* Assets.xcassets in Resources */,
				06BE5A481EEE8E9B0003F751 /* Main.storyboard in Resources */,
			);
			runOnlyForDeploymentPostprocessing = 0;
		};
		A8188E8B2FAC375F008E3272 /* Resources */ = {
			isa = PBXResourcesBuildPhase;
			buildActionMask = 2147483647;
			files = (
				A8188E8C2FAC375F008E3272 /* LaunchScreen.storyboard in Resources */,
				A8188E8D2FAC375F008E3272 /* Assets.xcassets in Resources */,
				A8188E8E2FAC375F008E3272 /* Main.storyboard in Resources */,
			);
			runOnlyForDeploymentPostprocessing = 0;
		};
/* End PBXResourcesBuildPhase section */

/* Begin PBXShellScriptBuildPhase section */
		A8188E852FAC375F008E3272 /* [CP] Check Pods Manifest.lock */ = {
			isa = PBXShellScriptBuildPhase;
			buildActionMask = 2147483647;
			files = (
			);
			inputPaths = (
				"${PODS_PODFILE_DIR_PATH}/Podfile.lock",
				"${PODS_ROOT}/Manifest.lock",
			);
			name = "[CP] Check Pods Manifest.lock";
			outputPaths = (
				"$(DERIVED_FILE_DIR)/Pods-VponAdmobSampleSwiftPods-checkManifestLockResult.txt",
			);
			runOnlyForDeploymentPostprocessing = 0;
			shellPath = /bin/sh;
			shellScript = "diff \"${PODS_PODFILE_DIR_PATH}/Podfile.lock\" \"${PODS_ROOT}/Manifest.lock\" > /dev/null\nif [ $? != 0 ] ; then\n    # print error to STDERR\n    echo \"error: The sandbox is not in sync with the Podfile.lock. Run 'pod install' or update your CocoaPods installation.\" >&2\n    exit 1\nfi\n# This output is used by Xcode 'outputs' to avoid re-running this script phase.\necho \"SUCCESS\" > \"${SCRIPT_OUTPUT_FILE_0}\"\n";
			showEnvVarsInLog = 0;
		};
		A8188E8F2FAC375F008E3272 /* [CP] Embed Pods Frameworks */ = {
			isa = PBXShellScriptBuildPhase;
			buildActionMask = 2147483647;
			files = (
			);
			inputPaths = (
				"${PODS_ROOT}/Target Support Files/Pods-VponAdmobSampleSwiftPods/Pods-VponAdmobSampleSwiftPods-frameworks.sh",
				"${PODS_XCFRAMEWORKS_BUILD_DIR}/VpadnSDK/VpadnSDKAdKit.framework/VpadnSDKAdKit",
			);
			name = "[CP] Embed Pods Frameworks";
			outputPaths = (
				"${TARGET_BUILD_DIR}/${FRAMEWORKS_FOLDER_PATH}/VpadnSDKAdKit.framework",
			);
			runOnlyForDeploymentPostprocessing = 0;
			shellPath = /bin/sh;
			shellScript = "\"${PODS_ROOT}/Target Support Files/Pods-VponAdmobSampleSwiftPods/Pods-VponAdmobSampleSwiftPods-frameworks.sh\"\n";
			showEnvVarsInLog = 0;
		};
		A8188E912FAC375F008E3272 /* [CP] Copy Pods Resources */ = {
			isa = PBXShellScriptBuildPhase;
			buildActionMask = 2147483647;
			files = (
			);
			inputPaths = (
				"${PODS_ROOT}/Target Support Files/Pods-VponAdmobSampleSwiftPods/Pods-VponAdmobSampleSwiftPods-resources.sh",
				"${PODS_CONFIGURATION_BUILD_DIR}/Google-Mobile-Ads-SDK/GoogleMobileAdsResources.bundle",
				"${PODS_CONFIGURATION_BUILD_DIR}/GoogleUserMessagingPlatform/UserMessagingPlatformResources.bundle",
			);
			name = "[CP] Copy Pods Resources";
			outputPaths = (
				"${TARGET_BUILD_DIR}/${UNLOCALIZED_RESOURCES_FOLDER_PATH}/GoogleMobileAdsResources.bundle",
				"${TARGET_BUILD_DIR}/${UNLOCALIZED_RESOURCES_FOLDER_PATH}/UserMessagingPlatformResources.bundle",
			);
			runOnlyForDeploymentPostprocessing = 0;
			shellPath = /bin/sh;
			shellScript = "\"${PODS_ROOT}/Target Support Files/Pods-VponAdmobSampleSwiftPods/Pods-VponAdmobSampleSwiftPods-resources.sh\"\n";
			showEnvVarsInLog = 0;
		};
		BAAA4140734D0C6DAAF2777B /* [CP] Check Pods Manifest.lock */ = {
			isa = PBXShellScriptBuildPhase;
			buildActionMask = 2147483647;
			files = (
			);
			inputPaths = (
				"${PODS_PODFILE_DIR_PATH}/Podfile.lock",
				"${PODS_ROOT}/Manifest.lock",
			);
			name = "[CP] Check Pods Manifest.lock";
			outputPaths = (
				"$(DERIVED_FILE_DIR)/Pods-VponAdmobSampleSwift-checkManifestLockResult.txt",
			);
			runOnlyForDeploymentPostprocessing = 0;
			shellPath = /bin/sh;
			shellScript = "diff \"${PODS_PODFILE_DIR_PATH}/Podfile.lock\" \"${PODS_ROOT}/Manifest.lock\" > /dev/null\nif [ $? != 0 ] ; then\n    # print error to STDERR\n    echo \"error: The sandbox is not in sync with the Podfile.lock. Run 'pod install' or update your CocoaPods installation.\" >&2\n    exit 1\nfi\n# This output is used by Xcode 'outputs' to avoid re-running this script phase.\necho \"SUCCESS\" > \"${SCRIPT_OUTPUT_FILE_0}\"\n";
			showEnvVarsInLog = 0;
		};
/* End PBXShellScriptBuildPhase section */

/* Begin PBXSourcesBuildPhase section */
		06BE5A3B1EEE8E9B0003F751 /* Sources */ = {
			isa = PBXSourcesBuildPhase;
			buildActionMask = 2147483647;
			files = (
				A8188E4E2FAC27EF008E3272 /* ViewController.swift in Sources */,
				06BE5A431EEE8E9B0003F751 /* AppDelegate.swift in Sources */,
			);
			runOnlyForDeploymentPostprocessing = 0;
		};
		A8188E862FAC375F008E3272 /* Sources */ = {
			isa = PBXSourcesBuildPhase;
			buildActionMask = 2147483647;
			files = (
				A8188E872FAC375F008E3272 /* ViewController.swift in Sources */,
				A8188E882FAC375F008E3272 /* AppDelegate.swift in Sources */,
			);
			runOnlyForDeploymentPostprocessing = 0;
		};
/* End PBXSourcesBuildPhase section */

/* Begin PBXVariantGroup section */
		06BE5A461EEE8E9B0003F751 /* Main.storyboard */ = {
			isa = PBXVariantGroup;
			children = (
				06BE5A471EEE8E9B0003F751 /* Base */,
			);
			name = Main.storyboard;
			sourceTree = "<group>";
		};
		06BE5A4B1EEE8E9B0003F751 /* LaunchScreen.storyboard */ = {
			isa = PBXVariantGroup;
			children = (
				06BE5A4C1EEE8E9B0003F751 /* Base */,
			);
			name = LaunchScreen.storyboard;
			sourceTree = "<group>";
		};
/* End PBXVariantGroup section */

/* Begin XCBuildConfiguration section */
		06BE5A4F1EEE8E9B0003F751 /* Debug */ = {
			isa = XCBuildConfiguration;
			baseConfigurationReference = D0306BD22C576BA700082B32 /* Config.xcconfig */;
			buildSettings = {
				ALWAYS_SEARCH_USER_PATHS = NO;
				CLANG_ANALYZER_NONNULL = YES;
				CLANG_ANALYZER_NUMBER_OBJECT_CONVERSION = YES_AGGRESSIVE;
				CLANG_CXX_LANGUAGE_STANDARD = "gnu++0x";
				CLANG_CXX_LIBRARY = "libc++";
				CLANG_ENABLE_MODULES = YES;
				CLANG_ENABLE_OBJC_ARC = YES;
				CLANG_WARN_BOOL_CONVERSION = YES;
				CLANG_WARN_CONSTANT_CONVERSION = YES;
				CLANG_WARN_DIRECT_OBJC_ISA_USAGE = YES_ERROR;
				CLANG_WARN_DOCUMENTATION_COMMENTS = YES;
				CLANG_WARN_EMPTY_BODY = YES;
				CLANG_WARN_ENUM_CONVERSION = YES;
				CLANG_WARN_INFINITE_RECURSION = YES;
				CLANG_WARN_INT_CONVERSION = YES;
				CLANG_WARN_OBJC_ROOT_CLASS = YES_ERROR;
				CLANG_WARN_SUSPICIOUS_MOVE = YES;
				CLANG_WARN_UNREACHABLE_CODE = YES;
				CLANG_WARN__DUPLICATE_METHOD_MATCH = YES;
				"CODE_SIGN_IDENTITY[sdk=iphoneos*]" = "iPhone Developer";
				COPY_PHASE_STRIP = NO;
				DEBUG_INFORMATION_FORMAT = dwarf;
				ENABLE_STRICT_OBJC_MSGSEND = YES;
				ENABLE_TESTABILITY = YES;
				GCC_C_LANGUAGE_STANDARD = gnu99;
				GCC_DYNAMIC_NO_PIC = NO;
				GCC_NO_COMMON_BLOCKS = YES;
				GCC_OPTIMIZATION_LEVEL = 0;
				GCC_PREPROCESSOR_DEFINITIONS = (
					"DEBUG=1",
					"$(inherited)",
				);
				GCC_WARN_64_TO_32_BIT_CONVERSION = YES;
				GCC_WARN_ABOUT_RETURN_TYPE = YES_ERROR;
				GCC_WARN_UNDECLARED_SELECTOR = YES;
				GCC_WARN_UNINITIALIZED_AUTOS = YES_AGGRESSIVE;
				GCC_WARN_UNUSED_FUNCTION = YES;
				GCC_WARN_UNUSED_VARIABLE = YES;
				IPHONEOS_DEPLOYMENT_TARGET = 10.3;
				MTL_ENABLE_DEBUG_INFO = YES;
				ONLY_ACTIVE_ARCH = YES;
				SDKROOT = iphoneos;
				SWIFT_ACTIVE_COMPILATION_CONDITIONS = DEBUG;
				SWIFT_OPTIMIZATION_LEVEL = "-Onone";
				TARGETED_DEVICE_FAMILY = "1,2";
			};
			name = Debug;
		};
		06BE5A501EEE8E9B0003F751 /* Release */ = {
			isa = XCBuildConfiguration;
			baseConfigurationReference = D0306BD22C576BA700082B32 /* Config.xcconfig */;
			buildSettings = {
				ALWAYS_SEARCH_USER_PATHS = NO;
				CLANG_ANALYZER_NONNULL = YES;
				CLANG_ANALYZER_NUMBER_OBJECT_CONVERSION = YES_AGGRESSIVE;
				CLANG_CXX_LANGUAGE_STANDARD = "gnu++0x";
				CLANG_CXX_LIBRARY = "libc++";
				CLANG_ENABLE_MODULES = YES;
				CLANG_ENABLE_OBJC_ARC = YES;
				CLANG_WARN_BOOL_CONVERSION = YES;
				CLANG_WARN_CONSTANT_CONVERSION = YES;
				CLANG_WARN_DIRECT_OBJC_ISA_USAGE = YES_ERROR;
				CLANG_WARN_DOCUMENTATION_COMMENTS = YES;
				CLANG_WARN_EMPTY_BODY = YES;
				CLANG_WARN_ENUM_CONVERSION = YES;
				CLANG_WARN_INFINITE_RECURSION = YES;
				CLANG_WARN_INT_CONVERSION = YES;
				CLANG_WARN_OBJC_ROOT_CLASS = YES_ERROR;
				CLANG_WARN_SUSPICIOUS_MOVE = YES;
				CLANG_WARN_UNREACHABLE_CODE = YES;
				CLANG_WARN__DUPLICATE_METHOD_MATCH = YES;
				"CODE_SIGN_IDENTITY[sdk=iphoneos*]" = "iPhone Developer";
				COPY_PHASE_STRIP = NO;
				DEBUG_INFORMATION_FORMAT = "dwarf-with-dsym";
				ENABLE_NS_ASSERTIONS = NO;
				ENABLE_STRICT_OBJC_MSGSEND = YES;
				GCC_C_LANGUAGE_STANDARD = gnu99;
				GCC_NO_COMMON_BLOCKS = YES;
				GCC_WARN_64_TO_32_BIT_CONVERSION = YES;
				GCC_WARN_ABOUT_RETURN_TYPE = YES_ERROR;
				GCC_WARN_UNDECLARED_SELECTOR = YES;
				GCC_WARN_UNINITIALIZED_AUTOS = YES_AGGRESSIVE;
				GCC_WARN_UNUSED_FUNCTION = YES;
				GCC_WARN_UNUSED_VARIABLE = YES;
				IPHONEOS_DEPLOYMENT_TARGET = 10.3;
				MTL_ENABLE_DEBUG_INFO = NO;
				SDKROOT = iphoneos;
				SWIFT_COMPILATION_MODE = wholemodule;
				SWIFT_OPTIMIZATION_LEVEL = "-O";
				TARGETED_DEVICE_FAMILY = "1,2";
				VALIDATE_PRODUCT = YES;
			};
			name = Release;
		};
		06BE5A521EEE8E9B0003F751 /* Debug */ = {
			isa = XCBuildConfiguration;
			baseConfigurationReference = EF7A02A6076277556CF7EF40 /* Pods-VponAdmobSampleSwift.debug.xcconfig */;
			buildSettings = {
				ASSETCATALOG_COMPILER_APPICON_NAME = AppIcon;
				CUSTOM_APP_NAME = "Vpon-SPM";
				DEVELOPMENT_TEAM = 55Z8U5LW3G;
				INFOPLIST_FILE = VponAdmobSampleSwift/Info.plist;
				IPHONEOS_DEPLOYMENT_TARGET = 13.0;
				LD_RUNPATH_SEARCH_PATHS = (
					"$(inherited)",
					"@executable_path/Frameworks",
				);
				OTHER_LDFLAGS = (
					"$(inherited)",
					"-ObjC",
				);
				PRODUCT_BUNDLE_IDENTIFIER = com.vpon.tw.mediationforadmob.spm;
				PRODUCT_NAME = "$(TARGET_NAME)";
				SWIFT_VERSION = 5.0;
			};
			name = Debug;
		};
		06BE5A531EEE8E9B0003F751 /* Release */ = {
			isa = XCBuildConfiguration;
			baseConfigurationReference = ABFB33BBDE1D93BBDF40B7E6 /* Pods-VponAdmobSampleSwift.release.xcconfig */;
			buildSettings = {
				ASSETCATALOG_COMPILER_APPICON_NAME = AppIcon;
				CUSTOM_APP_NAME = "Vpon-SPM";
				DEVELOPMENT_TEAM = 55Z8U5LW3G;
				INFOPLIST_FILE = VponAdmobSampleSwift/Info.plist;
				IPHONEOS_DEPLOYMENT_TARGET = 13.0;
				LD_RUNPATH_SEARCH_PATHS = (
					"$(inherited)",
					"@executable_path/Frameworks",
				);
				OTHER_LDFLAGS = (
					"$(inherited)",
					"-ObjC",
				);
				PRODUCT_BUNDLE_IDENTIFIER = com.vpon.tw.mediationforadmob.spm;
				PRODUCT_NAME = "$(TARGET_NAME)";
				SWIFT_VERSION = 5.0;
			};
			name = Release;
		};
		A8188E932FAC375F008E3272 /* Debug */ = {
			isa = XCBuildConfiguration;
			baseConfigurationReference = 350F50BCB4096FD90766ECD9 /* Pods-VponAdmobSampleSwiftPods.debug.xcconfig */;
			buildSettings = {
				ASSETCATALOG_COMPILER_APPICON_NAME = AppIcon;
				CUSTOM_APP_NAME = "Vpon-Pods";
				DEVELOPMENT_TEAM = 55Z8U5LW3G;
				INFOPLIST_FILE = VponAdmobSampleSwift/Info.plist;
				IPHONEOS_DEPLOYMENT_TARGET = 13.0;
				LD_RUNPATH_SEARCH_PATHS = (
					"$(inherited)",
					"@executable_path/Frameworks",
				);
				PRODUCT_BUNDLE_IDENTIFIER = com.vpon.tw.mediationforadmob.pods;
				PRODUCT_NAME = "$(TARGET_NAME)";
				SWIFT_VERSION = 5.0;
			};
			name = Debug;
		};
		A8188E942FAC375F008E3272 /* Release */ = {
			isa = XCBuildConfiguration;
			baseConfigurationReference = 838C8A6701B56E170C4598B9 /* Pods-VponAdmobSampleSwiftPods.release.xcconfig */;
			buildSettings = {
				ASSETCATALOG_COMPILER_APPICON_NAME = AppIcon;
				CUSTOM_APP_NAME = "Vpon-Pods";
				DEVELOPMENT_TEAM = 55Z8U5LW3G;
				INFOPLIST_FILE = VponAdmobSampleSwift/Info.plist;
				IPHONEOS_DEPLOYMENT_TARGET = 13.0;
				LD_RUNPATH_SEARCH_PATHS = (
					"$(inherited)",
					"@executable_path/Frameworks",
				);
				PRODUCT_BUNDLE_IDENTIFIER = com.vpon.tw.mediationforadmob.pods;
				PRODUCT_NAME = "$(TARGET_NAME)";
				SWIFT_VERSION = 5.0;
			};
			name = Release;
		};
/* End XCBuildConfiguration section */

/* Begin XCConfigurationList section */
		06BE5A3A1EEE8E9B0003F751 /* Build configuration list for PBXProject "VponAdmobSampleSwift" */ = {
			isa = XCConfigurationList;
			buildConfigurations = (
				06BE5A4F1EEE8E9B0003F751 /* Debug */,
				06BE5A501EEE8E9B0003F751 /* Release */,
			);
			defaultConfigurationIsVisible = 0;
			defaultConfigurationName = Release;
		};
		06BE5A511EEE8E9B0003F751 /* Build configuration list for PBXNativeTarget "VponAdmobSampleSwift" */ = {
			isa = XCConfigurationList;
			buildConfigurations = (
				06BE5A521EEE8E9B0003F751 /* Debug */,
				06BE5A531EEE8E9B0003F751 /* Release */,
			);
			defaultConfigurationIsVisible = 0;
			defaultConfigurationName = Release;
		};
		A8188E922FAC375F008E3272 /* Build configuration list for PBXNativeTarget "VponAdmobSampleSwiftPods" */ = {
			isa = XCConfigurationList;
			buildConfigurations = (
				A8188E932FAC375F008E3272 /* Debug */,
				A8188E942FAC375F008E3272 /* Release */,
			);
			defaultConfigurationIsVisible = 0;
			defaultConfigurationName = Release;
		};
/* End XCConfigurationList section */

/* Begin XCRemoteSwiftPackageReference section */
		A8188E972FAC3B5E008E3272 /* XCRemoteSwiftPackageReference "AdMobMediationAdapterVpadn-iOS-SPM" */ = {
			isa = XCRemoteSwiftPackageReference;
			repositoryURL = "https://github.com/vpon-sdk/AdMobMediationAdapterVpadn-iOS-SPM";
			requirement = {
				kind = upToNextMajorVersion;
				minimumVersion = 2.2.0;
			};
		};
/* End XCRemoteSwiftPackageReference section */

/* Begin XCSwiftPackageProductDependency section */
		A8188E982FAC3B5E008E3272 /* AdMobMediationAdapterVpadn */ = {
			isa = XCSwiftPackageProductDependency;
			package = A8188E972FAC3B5E008E3272 /* XCRemoteSwiftPackageReference "AdMobMediationAdapterVpadn-iOS-SPM" */;
			productName = AdMobMediationAdapterVpadn;
		};
/* End XCSwiftPackageProductDependency section */
	};
	rootObject = 06BE5A371EEE8E9B0003F751 /* Project object */;
}
